// !$*UTF8*$!
{
	archiveVersion = 1;
	classes = {
	};
	objectVersion = 46;
	objects = {

/* Begin PBXBuildFile section */
		F711C05A184480F300D85598 /* Foundation.framework in Frameworks */ = {isa = PBXBuildFile; fileRef = F711C059184480F300D85598 /* Foundation.framework */; };
		F711C05C184480F300D85598 /* CoreGraphics.framework in Frameworks */ = {isa = PBXBuildFile; fileRef = F711C05B184480F300D85598 /* CoreGraphics.framework */; };
		F711C05E184480F300D85598 /* UIKit.framework in Frameworks */ = {isa = PBXBuildFile; fileRef = F711C05D184480F300D85598 /* UIKit.framework */; };
		F711C064184480F300D85598 /* InfoPlist.strings in Resources */ = {isa = PBXBuildFile; fileRef = F711C062184480F300D85598 /* InfoPlist.strings */; };
		F711C06A184480F300D85598 /* MZAppDelegate.m in Sources */ = {isa = PBXBuildFile; fileRef = F711C069184480F300D85598 /* MZAppDelegate.m */; };
		F711C06D184480F300D85598 /* Main_iPhone.storyboard in Resources */ = {isa = PBXBuildFile; fileRef = F711C06B184480F300D85598 /* Main_iPhone.storyboard */; };
		F711C070184480F300D85598 /* Main_iPad.storyboard in Resources */ = {isa = PBXBuildFile; fileRef = F711C06E184480F300D85598 /* Main_iPad.storyboard */; };
		F711C073184480F300D85598 /* MZViewController.m in Sources */ = {isa = PBXBuildFile; fileRef = F711C072184480F300D85598 /* MZViewController.m */; };
		F711C07C184480F300D85598 /* XCTest.framework in Frameworks */ = {isa = PBXBuildFile; fileRef = F711C07B184480F300D85598 /* XCTest.framework */; };
		F711C07D184480F300D85598 /* Foundation.framework in Frameworks */ = {isa = PBXBuildFile; fileRef = F711C059184480F300D85598 /* Foundation.framework */; };
		F711C07E184480F300D85598 /* UIKit.framework in Frameworks */ = {isa = PBXBuildFile; fileRef = F711C05D184480F300D85598 /* UIKit.framework */; };
		F711C086184480F300D85598 /* InfoPlist.strings in Resources */ = {isa = PBXBuildFile; fileRef = F711C084184480F300D85598 /* InfoPlist.strings */; };
		F711C088184480F300D85598 /* ElephantTests.m in Sources */ = {isa = PBXBuildFile; fileRef = F711C087184480F300D85598 /* ElephantTests.m */; };
		F71C5F19185C12E6005F1C94 /* libMWPhotoBrowser.a in Frameworks */ = {isa = PBXBuildFile; fileRef = F71C5F18185C12C9005F1C94 /* libMWPhotoBrowser.a */; };
		F71C5F1D185C86B4005F1C94 /* libMobClickLibrary.a in Frameworks */ = {isa = PBXBuildFile; fileRef = F71C5F1B185C86B4005F1C94 /* libMobClickLibrary.a */; };
		F7239D911845E30D00AF44CB /* MZSearchVC.m in Sources */ = {isa = PBXBuildFile; fileRef = F7239D901845E30D00AF44CB /* MZSearchVC.m */; };
		F7239D9C18460F8E00AF44CB /* libZXingWidget.a in Frameworks */ = {isa = PBXBuildFile; fileRef = F7239D9918460EE800AF44CB /* libZXingWidget.a */; };
		F7239DA01846109300AF44CB /* AVFoundation.framework in Frameworks */ = {isa = PBXBuildFile; fileRef = F7239D9F1846109300AF44CB /* AVFoundation.framework */; };
		F7239DA21846109900AF44CB /* AudioToolbox.framework in Frameworks */ = {isa = PBXBuildFile; fileRef = F7239DA11846109900AF44CB /* AudioToolbox.framework */; };
		F7239DA41846109F00AF44CB /* CoreVideo.framework in Frameworks */ = {isa = PBXBuildFile; fileRef = F7239DA31846109F00AF44CB /* CoreVideo.framework */; };
		F7239DA6184610A600AF44CB /* CoreMedia.framework in Frameworks */ = {isa = PBXBuildFile; fileRef = F7239DA5184610A600AF44CB /* CoreMedia.framework */; };
		F7239DA8184610B000AF44CB /* libiconv.dylib in Frameworks */ = {isa = PBXBuildFile; fileRef = F7239DA7184610B000AF44CB /* libiconv.dylib */; };
		F7239DAB184610B900AF44CB /* AddressBook.framework in Frameworks */ = {isa = PBXBuildFile; fileRef = F7239DA9184610B900AF44CB /* AddressBook.framework */; };
		F7239DAC184610B900AF44CB /* AddressBookUI.framework in Frameworks */ = {isa = PBXBuildFile; fileRef = F7239DAA184610B900AF44CB /* AddressBookUI.framework */; };
		F7239DB0184612FC00AF44CB /* main.m in Sources */ = {isa = PBXBuildFile; fileRef = F7239DAF184612FC00AF44CB /* main.m */; };
		F7239DB21846132B00AF44CB /* MZCollectionShelfVC.mm in Sources */ = {isa = PBXBuildFile; fileRef = F7239DB11846132B00AF44CB /* MZCollectionShelfVC.mm */; };
		F7239DB518461ED800AF44CB /* beep-beep.aiff in Resources */ = {isa = PBXBuildFile; fileRef = F7239DB418461ED800AF44CB /* beep-beep.aiff */; };
		F753CE4D18472F79003169B3 /* MZBookStoreDefault.m in Sources */ = {isa = PBXBuildFile; fileRef = F753CE4C18472F79003169B3 /* MZBookStoreDefault.m */; };
		F753CE52184743A9003169B3 /* MZBookStoreFactory.m in Sources */ = {isa = PBXBuildFile; fileRef = F753CE51184743A9003169B3 /* MZBookStoreFactory.m */; };
		F75812CF1855C7BA0061F8B8 /* PopoverView.m in Sources */ = {isa = PBXBuildFile; fileRef = F75812CE1855C7BA0061F8B8 /* PopoverView.m */; };
		F75812D31855C8CF0061F8B8 /* QuartzCore.framework in Frameworks */ = {isa = PBXBuildFile; fileRef = F75812D21855C8CF0061F8B8 /* QuartzCore.framework */; };
		F75812D61855E2DE0061F8B8 /* MZBookListVC.m in Sources */ = {isa = PBXBuildFile; fileRef = F75812D51855E2DE0061F8B8 /* MZBookListVC.m */; };
		F78D11841854B839000D6C14 /* images.xcassets in Resources */ = {isa = PBXBuildFile; fileRef = F78D11831854B839000D6C14 /* images.xcassets */; };
		F78D11881854BA5E000D6C14 /* Default.png in Resources */ = {isa = PBXBuildFile; fileRef = F78D11861854BA5E000D6C14 /* Default.png */; };
		F78D11891854BA5E000D6C14 /* Default@2X.png in Resources */ = {isa = PBXBuildFile; fileRef = F78D11871854BA5E000D6C14 /* Default@2X.png */; };
		F78D11911854BBC2000D6C14 /* 松鼠29.png in Resources */ = {isa = PBXBuildFile; fileRef = F78D118A1854BBC2000D6C14 /* 松鼠29.png */; };
		F78D11921854BBC2000D6C14 /* 松鼠40.png in Resources */ = {isa = PBXBuildFile; fileRef = F78D118B1854BBC2000D6C14 /* 松鼠40.png */; };
		F78D11931854BBC2000D6C14 /* 松鼠58.png in Resources */ = {isa = PBXBuildFile; fileRef = F78D118C1854BBC2000D6C14 /* 松鼠58.png */; };
		F78D11941854BBC2000D6C14 /* 松鼠76.png in Resources */ = {isa = PBXBuildFile; fileRef = F78D118D1854BBC2000D6C14 /* 松鼠76.png */; };
		F78D11951854BBC2000D6C14 /* 松鼠80.png in Resources */ = {isa = PBXBuildFile; fileRef = F78D118E1854BBC2000D6C14 /* 松鼠80.png */; };
		F78D11961854BBC2000D6C14 /* 松鼠120.png in Resources */ = {isa = PBXBuildFile; fileRef = F78D118F1854BBC2000D6C14 /* 松鼠120.png */; };
		F78D11971854BBC2000D6C14 /* 松鼠152.png in Resources */ = {isa = PBXBuildFile; fileRef = F78D11901854BBC2000D6C14 /* 松鼠152.png */; };
		F7912314186D2699009F4729 /* UMSocialLocalizable.strings in Resources */ = {isa = PBXBuildFile; fileRef = F79122ED186D2699009F4729 /* UMSocialLocalizable.strings */; };
		F7912315186D2699009F4729 /* UMSocialLaiWang.a in Frameworks */ = {isa = PBXBuildFile; fileRef = F79122F1186D2699009F4729 /* UMSocialLaiWang.a */; };
		F7912316186D2699009F4729 /* TencentOpenAPI.framework in Frameworks */ = {isa = PBXBuildFile; fileRef = F79122F4186D2699009F4729 /* TencentOpenAPI.framework */; };
		F7912317186D2699009F4729 /* TencentOpenApi_IOS_Bundle.bundle in Resources */ = {isa = PBXBuildFile; fileRef = F79122F5186D2699009F4729 /* TencentOpenApi_IOS_Bundle.bundle */; };
		F7912319186D2699009F4729 /* libWeChatSDK.a in Frameworks */ = {isa = PBXBuildFile; fileRef = F79122F8186D2699009F4729 /* libWeChatSDK.a */; };
		F791231A186D2699009F4729 /* libUMSocial_Sdk_3.3.a in Frameworks */ = {isa = PBXBuildFile; fileRef = F7912307186D2699009F4729 /* libUMSocial_Sdk_3.3.a */; };
		F791231B186D269A009F4729 /* libUMSocial_Sdk_Comment_3.3.a in Frameworks */ = {isa = PBXBuildFile; fileRef = F7912308186D2699009F4729 /* libUMSocial_Sdk_Comment_3.3.a */; };
		F791231C186D269A009F4729 /* UMSCommentDetailController.xib in Resources */ = {isa = PBXBuildFile; fileRef = F791230A186D2699009F4729 /* UMSCommentDetailController.xib */; };
		F791231D186D269A009F4729 /* UMSCommentInputController.xib in Resources */ = {isa = PBXBuildFile; fileRef = F791230B186D2699009F4729 /* UMSCommentInputController.xib */; };
		F791231E186D269A009F4729 /* UMSCommentInputControlleriPad.xib in Resources */ = {isa = PBXBuildFile; fileRef = F791230C186D2699009F4729 /* UMSCommentInputControlleriPad.xib */; };
		F791231F186D269A009F4729 /* UMShareEditViewController.xib in Resources */ = {isa = PBXBuildFile; fileRef = F791230D186D2699009F4729 /* UMShareEditViewController.xib */; };
		F7912320186D269A009F4729 /* UMShareEditViewControlleriPad.xib in Resources */ = {isa = PBXBuildFile; fileRef = F791230E186D2699009F4729 /* UMShareEditViewControlleriPad.xib */; };
		F7912321186D269A009F4729 /* UMSLoginViewController.xib in Resources */ = {isa = PBXBuildFile; fileRef = F791230F186D2699009F4729 /* UMSLoginViewController.xib */; };
		F7912322186D269A009F4729 /* UMSnsAccountViewController.xib in Resources */ = {isa = PBXBuildFile; fileRef = F7912310186D2699009F4729 /* UMSnsAccountViewController.xib */; };
		F7912323186D269A009F4729 /* UMSShareListController.xib in Resources */ = {isa = PBXBuildFile; fileRef = F7912311186D2699009F4729 /* UMSShareListController.xib */; };
		F7912324186D269A009F4729 /* UMSocialSDKResourcesNew.bundle in Resources */ = {isa = PBXBuildFile; fileRef = F7912312186D2699009F4729 /* UMSocialSDKResourcesNew.bundle */; };
		F7912326186D2AED009F4729 /* libsqlite3.dylib in Frameworks */ = {isa = PBXBuildFile; fileRef = F7912325186D2AED009F4729 /* libsqlite3.dylib */; };
		F7912328186D2AF6009F4729 /* CoreTelephony.framework in Frameworks */ = {isa = PBXBuildFile; fileRef = F7912327186D2AF6009F4729 /* CoreTelephony.framework */; };
		F791232A186D2B03009F4729 /* libstdc++.dylib in Frameworks */ = {isa = PBXBuildFile; fileRef = F7912329186D2B03009F4729 /* libstdc++.dylib */; };
		F7A20B091850E6C200ACD69B /* MZSettingViewController.m in Sources */ = {isa = PBXBuildFile; fileRef = F7A20B081850E6C200ACD69B /* MZSettingViewController.m */; };
		F7BCFC7E185C0A6C0011D9FD /* MWPhotoBrowser.bundle in Resources */ = {isa = PBXBuildFile; fileRef = F7BCFC7D185C0A6C0011D9FD /* MWPhotoBrowser.bundle */; };
		F7BCFC80185C0B570011D9FD /* MessageUI.framework in Frameworks */ = {isa = PBXBuildFile; fileRef = F7BCFC7F185C0B570011D9FD /* MessageUI.framework */; };
		F7BCFC82185C0B610011D9FD /* AssetsLibrary.framework in Frameworks */ = {isa = PBXBuildFile; fileRef = F7BCFC81185C0B610011D9FD /* AssetsLibrary.framework */; };
		F7BE5B9C1860AC0F00EF3D0F /* MZCollectionShelfHeader.m in Sources */ = {isa = PBXBuildFile; fileRef = F7BE5B9B1860AC0F00EF3D0F /* MZCollectionShelfHeader.m */; };
		F7CD1BAE18458FB300BA22A0 /* MZCollectionShelfCell.m in Sources */ = {isa = PBXBuildFile; fileRef = F7CD1BAD18458FB300BA22A0 /* MZCollectionShelfCell.m */; };
		F7E540FF1861CB46003F5939 /* MHWCoreDataController.m in Sources */ = {isa = PBXBuildFile; fileRef = F7E540F81861CB46003F5939 /* MHWCoreDataController.m */; };
		F7E541001861CB46003F5939 /* MHWMigrationManager.m in Sources */ = {isa = PBXBuildFile; fileRef = F7E540FA1861CB46003F5939 /* MHWMigrationManager.m */; };
		F7E541011861CB46003F5939 /* NSManagedObjectModel+MHWAdditions.m in Sources */ = {isa = PBXBuildFile; fileRef = F7E540FC1861CB46003F5939 /* NSManagedObjectModel+MHWAdditions.m */; };
		F7E541021861CB46003F5939 /* NSMigrationManager+Lookup.m in Sources */ = {isa = PBXBuildFile; fileRef = F7E540FE1861CB46003F5939 /* NSMigrationManager+Lookup.m */; };
		F7E541051861CB75003F5939 /* NSFileManager+MHWAdditions.m in Sources */ = {isa = PBXBuildFile; fileRef = F7E541041861CB75003F5939 /* NSFileManager+MHWAdditions.m */; };
		F7E5B185184C2F35009E3C2F /* MZBookModel.xcdatamodeld in Sources */ = {isa = PBXBuildFile; fileRef = F7E5B183184C2F35009E3C2F /* MZBookModel.xcdatamodeld */; };
		F7E5B195184C5C08009E3C2F /* CoreData.framework in Frameworks */ = {isa = PBXBuildFile; fileRef = F7E5B194184C5C08009E3C2F /* CoreData.framework */; };
		F7E5B1E7184C815B009E3C2F /* libDoubanApiEngine.framework in Frameworks */ = {isa = PBXBuildFile; fileRef = F7E5B1E6184C815B009E3C2F /* libDoubanApiEngine.framework */; };
		F7E5B1E9184C819E009E3C2F /* libxml2.dylib in Frameworks */ = {isa = PBXBuildFile; fileRef = F7E5B1E8184C819E009E3C2F /* libxml2.dylib */; };
		F7E5B1EB184C81A7009E3C2F /* libz.dylib in Frameworks */ = {isa = PBXBuildFile; fileRef = F7E5B1EA184C81A7009E3C2F /* libz.dylib */; };
		F7E5B1ED184C81B7009E3C2F /* CFNetwork.framework in Frameworks */ = {isa = PBXBuildFile; fileRef = F7E5B1EC184C81B7009E3C2F /* CFNetwork.framework */; };
		F7E5B1EF184C81C0009E3C2F /* Security.framework in Frameworks */ = {isa = PBXBuildFile; fileRef = F7E5B1EE184C81C0009E3C2F /* Security.framework */; };
		F7E5B1F1184C81C8009E3C2F /* SystemConfiguration.framework in Frameworks */ = {isa = PBXBuildFile; fileRef = F7E5B1F0184C81C8009E3C2F /* SystemConfiguration.framework */; };
		F7E5B1F3184C81D1009E3C2F /* MobileCoreServices.framework in Frameworks */ = {isa = PBXBuildFile; fileRef = F7E5B1F2184C81D1009E3C2F /* MobileCoreServices.framework */; };
		F7E5B1F8184C8FBA009E3C2F /* JSONKit.m in Sources */ = {isa = PBXBuildFile; fileRef = F7E5B1F7184C8FBA009E3C2F /* JSONKit.m */; settings = {COMPILER_FLAGS = "-fno-objc-arc"; }; };
		F7E5B214184CB07B009E3C2F /* MZBookTagModel.m in Sources */ = {isa = PBXBuildFile; fileRef = F7E5B213184CB07B009E3C2F /* MZBookTagModel.m */; };
		F7E5B21D184CB07C009E3C2F /* MZBookWriterModel.m in Sources */ = {isa = PBXBuildFile; fileRef = F7E5B21C184CB07C009E3C2F /* MZBookWriterModel.m */; };
		F7E5B221184CE9A8009E3C2F /* MBProgressHUD.m in Sources */ = {isa = PBXBuildFile; fileRef = F7E5B220184CE9A8009E3C2F /* MBProgressHUD.m */; };
		F7E9F54018449AB9000568AD /* images in Resources */ = {isa = PBXBuildFile; fileRef = F7E9F53F18449AB9000568AD /* images */; };
		F7EE3E3F184DB996007A55FB /* MZDetailHeaderCell.m in Sources */ = {isa = PBXBuildFile; fileRef = F7EE3E3E184DB996007A55FB /* MZDetailHeaderCell.m */; };
		F7EE3E42184DB9A6007A55FB /* MZDetailCell.m in Sources */ = {isa = PBXBuildFile; fileRef = F7EE3E41184DB9A6007A55FB /* MZDetailCell.m */; };
		F7EE3E45184DB9B4007A55FB /* MZDetailFooterCell.m in Sources */ = {isa = PBXBuildFile; fileRef = F7EE3E44184DB9B4007A55FB /* MZDetailFooterCell.m */; };
		F7EE3E48184DB9CF007A55FB /* MZDetailVC.m in Sources */ = {isa = PBXBuildFile; fileRef = F7EE3E47184DB9CF007A55FB /* MZDetailVC.m */; };
		F7EE3E57184E20DD007A55FB /* ImageIO.framework in Frameworks */ = {isa = PBXBuildFile; fileRef = F7EE3E56184E20DD007A55FB /* ImageIO.framework */; };
		F7EE3E59184E228C007A55FB /* SDWebImage.framework in Frameworks */ = {isa = PBXBuildFile; fileRef = F7EE3E58184E228C007A55FB /* SDWebImage.framework */; };
		F7F600161861FE6200551DB7 /* MZBookModel.m in Sources */ = {isa = PBXBuildFile; fileRef = F7F600151861FE6200551DB7 /* MZBookModel.m */; };
		F7FDB334184ED07900986347 /* MZExcerptVC.m in Sources */ = {isa = PBXBuildFile; fileRef = F7FDB333184ED07900986347 /* MZExcerptVC.m */; };
		F7FDB337184F6C5C00986347 /* MZBookExcerptModel.m in Sources */ = {isa = PBXBuildFile; fileRef = F7FDB336184F6C5C00986347 /* MZBookExcerptModel.m */; };
/* End PBXBuildFile section */

/* Begin PBXContainerItemProxy section */
		F711C07F184480F300D85598 /* PBXContainerItemProxy */ = {
			isa = PBXContainerItemProxy;
			containerPortal = F711C04E184480F300D85598 /* Project object */;
			proxyType = 1;
			remoteGlobalIDString = F711C055184480F300D85598;
			remoteInfo = Elephant;
		};
		F71C5F17185C12C9005F1C94 /* PBXContainerItemProxy */ = {
			isa = PBXContainerItemProxy;
			containerPortal = F71C5F13185C12C9005F1C94 /* MWPhotoBrowser.xcodeproj */;
			proxyType = 2;
			remoteGlobalIDString = 4C6F96C414AF704100F8389A;
			remoteInfo = MWPhotoBrowser;
		};
		F7239D9818460EE800AF44CB /* PBXContainerItemProxy */ = {
			isa = PBXContainerItemProxy;
			containerPortal = F7239D9318460EE700AF44CB /* ZXingWidget.xcodeproj */;
			proxyType = 2;
			remoteGlobalIDString = D2AAC07E0554694100DB518D;
			remoteInfo = ZXingWidget;
		};
		F7239D9A18460EE800AF44CB /* PBXContainerItemProxy */ = {
			isa = PBXContainerItemProxy;
			containerPortal = F7239D9318460EE700AF44CB /* ZXingWidget.xcodeproj */;
			proxyType = 2;
			remoteGlobalIDString = 1D60398D13DF7CAD006F4B51;
			remoteInfo = ZXingTests;
		};
		F7239D9D18460FAB00AF44CB /* PBXContainerItemProxy */ = {
			isa = PBXContainerItemProxy;
			containerPortal = F7239D9318460EE700AF44CB /* ZXingWidget.xcodeproj */;
			proxyType = 1;
			remoteGlobalIDString = D2AAC07D0554694100DB518D;
			remoteInfo = ZXingWidget;
		};
/* End PBXContainerItemProxy section */

/* Begin PBXFileReference section */
		F711C056184480F300D85598 /* Elephant.app */ = {isa = PBXFileReference; explicitFileType = wrapper.application; includeInIndex = 0; path = Elephant.app; sourceTree = BUILT_PRODUCTS_DIR; };
		F711C059184480F300D85598 /* Foundation.framework */ = {isa = PBXFileReference; lastKnownFileType = wrapper.framework; name = Foundation.framework; path = System/Library/Frameworks/Foundation.framework; sourceTree = SDKROOT; };
		F711C05B184480F300D85598 /* CoreGraphics.framework */ = {isa = PBXFileReference; lastKnownFileType = wrapper.framework; name = CoreGraphics.framework; path = System/Library/Frameworks/CoreGraphics.framework; sourceTree = SDKROOT; };
		F711C05D184480F300D85598 /* UIKit.framework */ = {isa = PBXFileReference; lastKnownFileType = wrapper.framework; name = UIKit.framework; path = System/Library/Frameworks/UIKit.framework; sourceTree = SDKROOT; };
		F711C061184480F300D85598 /* Elephant-Info.plist */ = {isa = PBXFileReference; lastKnownFileType = text.plist.xml; path = "Elephant-Info.plist"; sourceTree = "<group>"; };
		F711C063184480F300D85598 /* en */ = {isa = PBXFileReference; lastKnownFileType = text.plist.strings; name = en; path = en.lproj/InfoPlist.strings; sourceTree = "<group>"; };
		F711C067184480F300D85598 /* Elephant-Prefix.pch */ = {isa = PBXFileReference; lastKnownFileType = sourcecode.c.h; path = "Elephant-Prefix.pch"; sourceTree = "<group>"; };
		F711C068184480F300D85598 /* MZAppDelegate.h */ = {isa = PBXFileReference; lastKnownFileType = sourcecode.c.h; path = MZAppDelegate.h; sourceTree = "<group>"; };
		F711C069184480F300D85598 /* MZAppDelegate.m */ = {isa = PBXFileReference; lastKnownFileType = sourcecode.c.objc; path = MZAppDelegate.m; sourceTree = "<group>"; };
		F711C06C184480F300D85598 /* Base */ = {isa = PBXFileReference; lastKnownFileType = file.storyboard; name = Base; path = Base.lproj/Main_iPhone.storyboard; sourceTree = "<group>"; };
		F711C06F184480F300D85598 /* Base */ = {isa = PBXFileReference; lastKnownFileType = file.storyboard; name = Base; path = Base.lproj/Main_iPad.storyboard; sourceTree = "<group>"; };
		F711C071184480F300D85598 /* MZViewController.h */ = {isa = PBXFileReference; lastKnownFileType = sourcecode.c.h; path = MZViewController.h; sourceTree = "<group>"; };
		F711C072184480F300D85598 /* MZViewController.m */ = {isa = PBXFileReference; lastKnownFileType = sourcecode.c.objc; path = MZViewController.m; sourceTree = "<group>"; };
		F711C07A184480F300D85598 /* ElephantTests.xctest */ = {isa = PBXFileReference; explicitFileType = wrapper.cfbundle; includeInIndex = 0; path = ElephantTests.xctest; sourceTree = BUILT_PRODUCTS_DIR; };
		F711C07B184480F300D85598 /* XCTest.framework */ = {isa = PBXFileReference; lastKnownFileType = wrapper.framework; name = XCTest.framework; path = Library/Frameworks/XCTest.framework; sourceTree = DEVELOPER_DIR; };
		F711C083184480F300D85598 /* ElephantTests-Info.plist */ = {isa = PBXFileReference; lastKnownFileType = text.plist.xml; path = "ElephantTests-Info.plist"; sourceTree = "<group>"; };
		F711C085184480F300D85598 /* en */ = {isa = PBXFileReference; lastKnownFileType = text.plist.strings; name = en; path = en.lproj/InfoPlist.strings; sourceTree = "<group>"; };
		F711C087184480F300D85598 /* ElephantTests.m */ = {isa = PBXFileReference; lastKnownFileType = sourcecode.c.objc; path = ElephantTests.m; sourceTree = "<group>"; };
		F71C5F13185C12C9005F1C94 /* MWPhotoBrowser.xcodeproj */ = {isa = PBXFileReference; lastKnownFileType = "wrapper.pb-project"; name = MWPhotoBrowser.xcodeproj; path = ../MWPhotoBrowser/MWPhotoBrowser/MWPhotoBrowser.xcodeproj; sourceTree = "<group>"; };
		F71C5F1B185C86B4005F1C94 /* libMobClickLibrary.a */ = {isa = PBXFileReference; lastKnownFileType = archive.ar; name = libMobClickLibrary.a; path = ../../UMAnalytics_Sdk_2.2.1.OpenUDID/libMobClickLibrary.a; sourceTree = "<group>"; };
		F71C5F1C185C86B4005F1C94 /* MobClick.h */ = {isa = PBXFileReference; fileEncoding = 4; lastKnownFileType = sourcecode.c.h; name = MobClick.h; path = ../../UMAnalytics_Sdk_2.2.1.OpenUDID/MobClick.h; sourceTree = "<group>"; };
		F7239D8F1845E30D00AF44CB /* MZSearchVC.h */ = {isa = PBXFileReference; fileEncoding = 4; lastKnownFileType = sourcecode.c.h; path = MZSearchVC.h; sourceTree = "<group>"; };
		F7239D901845E30D00AF44CB /* MZSearchVC.m */ = {isa = PBXFileReference; fileEncoding = 4; lastKnownFileType = sourcecode.c.objc; path = MZSearchVC.m; sourceTree = "<group>"; };
		F7239D9318460EE700AF44CB /* ZXingWidget.xcodeproj */ = {isa = PBXFileReference; lastKnownFileType = "wrapper.pb-project"; name = ZXingWidget.xcodeproj; path = "../zxing-2.2/iphone/ZXingWidget/ZXingWidget.xcodeproj"; sourceTree = "<group>"; };
		F7239D9F1846109300AF44CB /* AVFoundation.framework */ = {isa = PBXFileReference; lastKnownFileType = wrapper.framework; name = AVFoundation.framework; path = System/Library/Frameworks/AVFoundation.framework; sourceTree = SDKROOT; };
		F7239DA11846109900AF44CB /* AudioToolbox.framework */ = {isa = PBXFileReference; lastKnownFileType = wrapper.framework; name = AudioToolbox.framework; path = System/Library/Frameworks/AudioToolbox.framework; sourceTree = SDKROOT; };
		F7239DA31846109F00AF44CB /* CoreVideo.framework */ = {isa = PBXFileReference; lastKnownFileType = wrapper.framework; name = CoreVideo.framework; path = System/Library/Frameworks/CoreVideo.framework; sourceTree = SDKROOT; };
		F7239DA5184610A600AF44CB /* CoreMedia.framework */ = {isa = PBXFileReference; lastKnownFileType = wrapper.framework; name = CoreMedia.framework; path = System/Library/Frameworks/CoreMedia.framework; sourceTree = SDKROOT; };
		F7239DA7184610B000AF44CB /* libiconv.dylib */ = {isa = PBXFileReference; lastKnownFileType = "compiled.mach-o.dylib"; name = libiconv.dylib; path = usr/lib/libiconv.dylib; sourceTree = SDKROOT; };
		F7239DA9184610B900AF44CB /* AddressBook.framework */ = {isa = PBXFileReference; lastKnownFileType = wrapper.framework; name = AddressBook.framework; path = System/Library/Frameworks/AddressBook.framework; sourceTree = SDKROOT; };
		F7239DAA184610B900AF44CB /* AddressBookUI.framework */ = {isa = PBXFileReference; lastKnownFileType = wrapper.framework; name = AddressBookUI.framework; path = System/Library/Frameworks/AddressBookUI.framework; sourceTree = SDKROOT; };
		F7239DAF184612FC00AF44CB /* main.m */ = {isa = PBXFileReference; fileEncoding = 4; lastKnownFileType = sourcecode.c.objc; path = main.m; sourceTree = "<group>"; };
		F7239DB11846132B00AF44CB /* MZCollectionShelfVC.mm */ = {isa = PBXFileReference; fileEncoding = 4; lastKnownFileType = sourcecode.cpp.objcpp; path = MZCollectionShelfVC.mm; sourceTree = "<group>"; };
		F7239DB418461ED800AF44CB /* beep-beep.aiff */ = {isa = PBXFileReference; lastKnownFileType = audio.aiff; path = "beep-beep.aiff"; sourceTree = "<group>"; };
		F753CE4B18472F79003169B3 /* MZBookStoreDefault.h */ = {isa = PBXFileReference; fileEncoding = 4; lastKnownFileType = sourcecode.c.h; path = MZBookStoreDefault.h; sourceTree = "<group>"; };
		F753CE4C18472F79003169B3 /* MZBookStoreDefault.m */ = {isa = PBXFileReference; fileEncoding = 4; lastKnownFileType = sourcecode.c.objc; path = MZBookStoreDefault.m; sourceTree = "<group>"; };
		F753CE51184743A9003169B3 /* MZBookStoreFactory.m */ = {isa = PBXFileReference; fileEncoding = 4; lastKnownFileType = sourcecode.c.objc; path = MZBookStoreFactory.m; sourceTree = "<group>"; };
		F753CE541847441D003169B3 /* MZBookStoreAPI.h */ = {isa = PBXFileReference; fileEncoding = 4; lastKnownFileType = sourcecode.c.h; path = MZBookStoreAPI.h; sourceTree = "<group>"; };
		F75812CD1855C7BA0061F8B8 /* PopoverView.h */ = {isa = PBXFileReference; fileEncoding = 4; lastKnownFileType = sourcecode.c.h; path = PopoverView.h; sourceTree = "<group>"; };
		F75812CE1855C7BA0061F8B8 /* PopoverView.m */ = {isa = PBXFileReference; fileEncoding = 4; lastKnownFileType = sourcecode.c.objc; path = PopoverView.m; sourceTree = "<group>"; };
		F75812D01855C84F0061F8B8 /* PopoverViewCompatibility.h */ = {isa = PBXFileReference; fileEncoding = 4; lastKnownFileType = sourcecode.c.h; path = PopoverViewCompatibility.h; sourceTree = "<group>"; };
		F75812D11855C8760061F8B8 /* PopoverView_Configuration.h */ = {isa = PBXFileReference; fileEncoding = 4; lastKnownFileType = sourcecode.c.h; path = PopoverView_Configuration.h; sourceTree = "<group>"; };
		F75812D21855C8CF0061F8B8 /* QuartzCore.framework */ = {isa = PBXFileReference; lastKnownFileType = wrapper.framework; name = QuartzCore.framework; path = System/Library/Frameworks/QuartzCore.framework; sourceTree = SDKROOT; };
		F75812D41855E2DE0061F8B8 /* MZBookListVC.h */ = {isa = PBXFileReference; fileEncoding = 4; lastKnownFileType = sourcecode.c.h; path = MZBookListVC.h; sourceTree = "<group>"; };
		F75812D51855E2DE0061F8B8 /* MZBookListVC.m */ = {isa = PBXFileReference; fileEncoding = 4; lastKnownFileType = sourcecode.c.objc; path = MZBookListVC.m; sourceTree = "<group>"; };
		F78D11831854B839000D6C14 /* images.xcassets */ = {isa = PBXFileReference; lastKnownFileType = folder.assetcatalog; name = images.xcassets; path = ../images.xcassets; sourceTree = "<group>"; };
		F78D11861854BA5E000D6C14 /* Default.png */ = {isa = PBXFileReference; lastKnownFileType = image.png; name = Default.png; path = ../Default.png; sourceTree = "<group>"; };
		F78D11871854BA5E000D6C14 /* Default@2X.png */ = {isa = PBXFileReference; lastKnownFileType = image.png; name = "Default@2X.png"; path = "../Default@2X.png"; sourceTree = "<group>"; };
		F78D118A1854BBC2000D6C14 /* 松鼠29.png */ = {isa = PBXFileReference; lastKnownFileType = image.png; path = "松鼠29.png"; sourceTree = "<group>"; };
		F78D118B1854BBC2000D6C14 /* 松鼠40.png */ = {isa = PBXFileReference; lastKnownFileType = image.png; path = "松鼠40.png"; sourceTree = "<group>"; };
		F78D118C1854BBC2000D6C14 /* 松鼠58.png */ = {isa = PBXFileReference; lastKnownFileType = image.png; path = "松鼠58.png"; sourceTree = "<group>"; };
		F78D118D1854BBC2000D6C14 /* 松鼠76.png */ = {isa = PBXFileReference; lastKnownFileType = image.png; path = "松鼠76.png"; sourceTree = "<group>"; };
		F78D118E1854BBC2000D6C14 /* 松鼠80.png */ = {isa = PBXFileReference; lastKnownFileType = image.png; path = "松鼠80.png"; sourceTree = "<group>"; };
		F78D118F1854BBC2000D6C14 /* 松鼠120.png */ = {isa = PBXFileReference; lastKnownFileType = image.png; path = "松鼠120.png"; sourceTree = "<group>"; };
		F78D11901854BBC2000D6C14 /* 松鼠152.png */ = {isa = PBXFileReference; lastKnownFileType = image.png; path = "松鼠152.png"; sourceTree = "<group>"; };
		F79122EE186D2699009F4729 /* en */ = {isa = PBXFileReference; lastKnownFileType = text.plist.strings; name = en; path = en.lproj/UMSocialLocalizable.strings; sourceTree = "<group>"; };
		F79122F1186D2699009F4729 /* UMSocialLaiWang.a */ = {isa = PBXFileReference; lastKnownFileType = archive.ar; path = UMSocialLaiWang.a; sourceTree = "<group>"; };
		F79122F2186D2699009F4729 /* UMSocialLaiwangHandler.h */ = {isa = PBXFileReference; fileEncoding = 4; lastKnownFileType = sourcecode.c.h; path = UMSocialLaiwangHandler.h; sourceTree = "<group>"; };
		F79122F4186D2699009F4729 /* TencentOpenAPI.framework */ = {isa = PBXFileReference; lastKnownFileType = wrapper.framework; path = TencentOpenAPI.framework; sourceTree = "<group>"; };
		F79122F5186D2699009F4729 /* TencentOpenApi_IOS_Bundle.bundle */ = {isa = PBXFileReference; lastKnownFileType = "wrapper.plug-in"; path = TencentOpenApi_IOS_Bundle.bundle; sourceTree = "<group>"; };
		F79122F6186D2699009F4729 /* UMSocialYiXin.framework */ = {isa = PBXFileReference; lastKnownFileType = wrapper.framework; path = UMSocialYiXin.framework; sourceTree = "<group>"; };
		F79122F8186D2699009F4729 /* libWeChatSDK.a */ = {isa = PBXFileReference; lastKnownFileType = archive.ar; path = libWeChatSDK.a; sourceTree = "<group>"; };
		F79122F9186D2699009F4729 /* WXApi.h */ = {isa = PBXFileReference; fileEncoding = 4; lastKnownFileType = sourcecode.c.h; path = WXApi.h; sourceTree = "<group>"; };
		F79122FA186D2699009F4729 /* WXApiObject.h */ = {isa = PBXFileReference; fileEncoding = 4; lastKnownFileType = sourcecode.c.h; path = WXApiObject.h; sourceTree = "<group>"; };
		F79122FC186D2699009F4729 /* UMSocial.h */ = {isa = PBXFileReference; fileEncoding = 4; lastKnownFileType = sourcecode.c.h; path = UMSocial.h; sourceTree = "<group>"; };
		F79122FD186D2699009F4729 /* UMSocialAccountManager.h */ = {isa = PBXFileReference; fileEncoding = 4; lastKnownFileType = sourcecode.c.h; path = UMSocialAccountManager.h; sourceTree = "<group>"; };
		F79122FE186D2699009F4729 /* UMSocialBar.h */ = {isa = PBXFileReference; fileEncoding = 4; lastKnownFileType = sourcecode.c.h; path = UMSocialBar.h; sourceTree = "<group>"; };
		F79122FF186D2699009F4729 /* UMSocialConfig.h */ = {isa = PBXFileReference; fileEncoding = 4; lastKnownFileType = sourcecode.c.h; path = UMSocialConfig.h; sourceTree = "<group>"; };
		F7912300186D2699009F4729 /* UMSocialControllerService.h */ = {isa = PBXFileReference; fileEncoding = 4; lastKnownFileType = sourcecode.c.h; path = UMSocialControllerService.h; sourceTree = "<group>"; };
		F7912301186D2699009F4729 /* UMSocialControllerServiceComment.h */ = {isa = PBXFileReference; fileEncoding = 4; lastKnownFileType = sourcecode.c.h; path = UMSocialControllerServiceComment.h; sourceTree = "<group>"; };
		F7912302186D2699009F4729 /* UMSocialData.h */ = {isa = PBXFileReference; fileEncoding = 4; lastKnownFileType = sourcecode.c.h; path = UMSocialData.h; sourceTree = "<group>"; };
		F7912303186D2699009F4729 /* UMSocialDataService.h */ = {isa = PBXFileReference; fileEncoding = 4; lastKnownFileType = sourcecode.c.h; path = UMSocialDataService.h; sourceTree = "<group>"; };
		F7912304186D2699009F4729 /* UMSocialSnsData.h */ = {isa = PBXFileReference; fileEncoding = 4; lastKnownFileType = sourcecode.c.h; path = UMSocialSnsData.h; sourceTree = "<group>"; };
		F7912305186D2699009F4729 /* UMSocialSnsPlatformManager.h */ = {isa = PBXFileReference; fileEncoding = 4; lastKnownFileType = sourcecode.c.h; path = UMSocialSnsPlatformManager.h; sourceTree = "<group>"; };
		F7912306186D2699009F4729 /* UMSocialSnsService.h */ = {isa = PBXFileReference; fileEncoding = 4; lastKnownFileType = sourcecode.c.h; path = UMSocialSnsService.h; sourceTree = "<group>"; };
		F7912307186D2699009F4729 /* libUMSocial_Sdk_3.3.a */ = {isa = PBXFileReference; lastKnownFileType = archive.ar; path = libUMSocial_Sdk_3.3.a; sourceTree = "<group>"; };
		F7912308186D2699009F4729 /* libUMSocial_Sdk_Comment_3.3.a */ = {isa = PBXFileReference; lastKnownFileType = archive.ar; path = libUMSocial_Sdk_Comment_3.3.a; sourceTree = "<group>"; };
		F791230A186D2699009F4729 /* UMSCommentDetailController.xib */ = {isa = PBXFileReference; fileEncoding = 4; lastKnownFileType = file.xib; path = UMSCommentDetailController.xib; sourceTree = "<group>"; };
		F791230B186D2699009F4729 /* UMSCommentInputController.xib */ = {isa = PBXFileReference; fileEncoding = 4; lastKnownFileType = file.xib; path = UMSCommentInputController.xib; sourceTree = "<group>"; };
		F791230C186D2699009F4729 /* UMSCommentInputControlleriPad.xib */ = {isa = PBXFileReference; fileEncoding = 4; lastKnownFileType = file.xib; path = UMSCommentInputControlleriPad.xib; sourceTree = "<group>"; };
		F791230D186D2699009F4729 /* UMShareEditViewController.xib */ = {isa = PBXFileReference; fileEncoding = 4; lastKnownFileType = file.xib; path = UMShareEditViewController.xib; sourceTree = "<group>"; };
		F791230E186D2699009F4729 /* UMShareEditViewControlleriPad.xib */ = {isa = PBXFileReference; fileEncoding = 4; lastKnownFileType = file.xib; path = UMShareEditViewControlleriPad.xib; sourceTree = "<group>"; };
		F791230F186D2699009F4729 /* UMSLoginViewController.xib */ = {isa = PBXFileReference; fileEncoding = 4; lastKnownFileType = file.xib; path = UMSLoginViewController.xib; sourceTree = "<group>"; };
		F7912310186D2699009F4729 /* UMSnsAccountViewController.xib */ = {isa = PBXFileReference; fileEncoding = 4; lastKnownFileType = file.xib; path = UMSnsAccountViewController.xib; sourceTree = "<group>"; };
		F7912311186D2699009F4729 /* UMSShareListController.xib */ = {isa = PBXFileReference; fileEncoding = 4; lastKnownFileType = file.xib; path = UMSShareListController.xib; sourceTree = "<group>"; };
		F7912312186D2699009F4729 /* UMSocialSDKResourcesNew.bundle */ = {isa = PBXFileReference; lastKnownFileType = "wrapper.plug-in"; path = UMSocialSDKResourcesNew.bundle; sourceTree = "<group>"; };
		F7912313186D2699009F4729 /* zh-Hans */ = {isa = PBXFileReference; lastKnownFileType = text.plist.strings; name = "zh-Hans"; path = "zh-Hans.lproj/UMSocialLocalizable.strings"; sourceTree = "<group>"; };
		F7912325186D2AED009F4729 /* libsqlite3.dylib */ = {isa = PBXFileReference; lastKnownFileType = "compiled.mach-o.dylib"; name = libsqlite3.dylib; path = usr/lib/libsqlite3.dylib; sourceTree = SDKROOT; };
		F7912327186D2AF6009F4729 /* CoreTelephony.framework */ = {isa = PBXFileReference; lastKnownFileType = wrapper.framework; name = CoreTelephony.framework; path = System/Library/Frameworks/CoreTelephony.framework; sourceTree = SDKROOT; };
		F7912329186D2B03009F4729 /* libstdc++.dylib */ = {isa = PBXFileReference; lastKnownFileType = "compiled.mach-o.dylib"; name = "libstdc++.dylib"; path = "usr/lib/libstdc++.dylib"; sourceTree = SDKROOT; };
		F7A20B071850E6C200ACD69B /* MZSettingViewController.h */ = {isa = PBXFileReference; fileEncoding = 4; lastKnownFileType = sourcecode.c.h; path = MZSettingViewController.h; sourceTree = "<group>"; };
		F7A20B081850E6C200ACD69B /* MZSettingViewController.m */ = {isa = PBXFileReference; fileEncoding = 4; lastKnownFileType = sourcecode.c.objc; path = MZSettingViewController.m; sourceTree = "<group>"; };
		F7BCFC7D185C0A6C0011D9FD /* MWPhotoBrowser.bundle */ = {isa = PBXFileReference; lastKnownFileType = "wrapper.plug-in"; name = MWPhotoBrowser.bundle; path = ../MWPhotoBrowser/MWPhotoBrowser/MWPhotoBrowser.bundle; sourceTree = "<group>"; };
		F7BCFC7F185C0B570011D9FD /* MessageUI.framework */ = {isa = PBXFileReference; lastKnownFileType = wrapper.framework; name = MessageUI.framework; path = System/Library/Frameworks/MessageUI.framework; sourceTree = SDKROOT; };
		F7BCFC81185C0B610011D9FD /* AssetsLibrary.framework */ = {isa = PBXFileReference; lastKnownFileType = wrapper.framework; name = AssetsLibrary.framework; path = System/Library/Frameworks/AssetsLibrary.framework; sourceTree = SDKROOT; };
		F7BE5B9A1860AC0F00EF3D0F /* MZCollectionShelfHeader.h */ = {isa = PBXFileReference; fileEncoding = 4; lastKnownFileType = sourcecode.c.h; path = MZCollectionShelfHeader.h; sourceTree = "<group>"; };
		F7BE5B9B1860AC0F00EF3D0F /* MZCollectionShelfHeader.m */ = {isa = PBXFileReference; fileEncoding = 4; lastKnownFileType = sourcecode.c.objc; path = MZCollectionShelfHeader.m; sourceTree = "<group>"; };
		F7CD1BA918458F4D00BA22A0 /* MZCollectionShelfVC.h */ = {isa = PBXFileReference; fileEncoding = 4; lastKnownFileType = sourcecode.c.h; path = MZCollectionShelfVC.h; sourceTree = "<group>"; };
		F7CD1BAC18458FB300BA22A0 /* MZCollectionShelfCell.h */ = {isa = PBXFileReference; fileEncoding = 4; lastKnownFileType = sourcecode.c.h; path = MZCollectionShelfCell.h; sourceTree = "<group>"; };
		F7CD1BAD18458FB300BA22A0 /* MZCollectionShelfCell.m */ = {isa = PBXFileReference; fileEncoding = 4; lastKnownFileType = sourcecode.c.objc; path = MZCollectionShelfCell.m; sourceTree = "<group>"; };
		F7D7C5031869F93300E85C51 /* Config.h */ = {isa = PBXFileReference; lastKnownFileType = sourcecode.c.h; path = Config.h; sourceTree = "<group>"; };
		F7E540F71861CB46003F5939 /* MHWCoreDataController.h */ = {isa = PBXFileReference; fileEncoding = 4; lastKnownFileType = sourcecode.c.h; path = MHWCoreDataController.h; sourceTree = "<group>"; };
		F7E540F81861CB46003F5939 /* MHWCoreDataController.m */ = {isa = PBXFileReference; fileEncoding = 4; lastKnownFileType = sourcecode.c.objc; path = MHWCoreDataController.m; sourceTree = "<group>"; };
		F7E540F91861CB46003F5939 /* MHWMigrationManager.h */ = {isa = PBXFileReference; fileEncoding = 4; lastKnownFileType = sourcecode.c.h; path = MHWMigrationManager.h; sourceTree = "<group>"; };
		F7E540FA1861CB46003F5939 /* MHWMigrationManager.m */ = {isa = PBXFileReference; fileEncoding = 4; lastKnownFileType = sourcecode.c.objc; path = MHWMigrationManager.m; sourceTree = "<group>"; };
		F7E540FB1861CB46003F5939 /* NSManagedObjectModel+MHWAdditions.h */ = {isa = PBXFileReference; fileEncoding = 4; lastKnownFileType = sourcecode.c.h; path = "NSManagedObjectModel+MHWAdditions.h"; sourceTree = "<group>"; };
		F7E540FC1861CB46003F5939 /* NSManagedObjectModel+MHWAdditions.m */ = {isa = PBXFileReference; fileEncoding = 4; lastKnownFileType = sourcecode.c.objc; path = "NSManagedObjectModel+MHWAdditions.m"; sourceTree = "<group>"; };
		F7E540FD1861CB46003F5939 /* NSMigrationManager+Lookup.h */ = {isa = PBXFileReference; fileEncoding = 4; lastKnownFileType = sourcecode.c.h; path = "NSMigrationManager+Lookup.h"; sourceTree = "<group>"; };
		F7E540FE1861CB46003F5939 /* NSMigrationManager+Lookup.m */ = {isa = PBXFileReference; fileEncoding = 4; lastKnownFileType = sourcecode.c.objc; path = "NSMigrationManager+Lookup.m"; sourceTree = "<group>"; };
		F7E541031861CB75003F5939 /* NSFileManager+MHWAdditions.h */ = {isa = PBXFileReference; fileEncoding = 4; lastKnownFileType = sourcecode.c.h; path = "NSFileManager+MHWAdditions.h"; sourceTree = "<group>"; };
		F7E541041861CB75003F5939 /* NSFileManager+MHWAdditions.m */ = {isa = PBXFileReference; fileEncoding = 4; lastKnownFileType = sourcecode.c.objc; path = "NSFileManager+MHWAdditions.m"; sourceTree = "<group>"; };
		F7E5B184184C2F35009E3C2F /* MZBookModel.xcdatamodel */ = {isa = PBXFileReference; lastKnownFileType = wrapper.xcdatamodel; path = MZBookModel.xcdatamodel; sourceTree = "<group>"; };
		F7E5B194184C5C08009E3C2F /* CoreData.framework */ = {isa = PBXFileReference; lastKnownFileType = wrapper.framework; name = CoreData.framework; path = System/Library/Frameworks/CoreData.framework; sourceTree = SDKROOT; };
		F7E5B1E6184C815B009E3C2F /* libDoubanApiEngine.framework */ = {isa = PBXFileReference; lastKnownFileType = wrapper.framework; name = libDoubanApiEngine.framework; path = "../douban-objc-client/libDoubanApiEngine.framework"; sourceTree = "<group>"; };
		F7E5B1E8184C819E009E3C2F /* libxml2.dylib */ = {isa = PBXFileReference; lastKnownFileType = "compiled.mach-o.dylib"; name = libxml2.dylib; path = usr/lib/libxml2.dylib; sourceTree = SDKROOT; };
		F7E5B1EA184C81A7009E3C2F /* libz.dylib */ = {isa = PBXFileReference; lastKnownFileType = "compiled.mach-o.dylib"; name = libz.dylib; path = usr/lib/libz.dylib; sourceTree = SDKROOT; };
		F7E5B1EC184C81B7009E3C2F /* CFNetwork.framework */ = {isa = PBXFileReference; lastKnownFileType = wrapper.framework; name = CFNetwork.framework; path = System/Library/Frameworks/CFNetwork.framework; sourceTree = SDKROOT; };
		F7E5B1EE184C81C0009E3C2F /* Security.framework */ = {isa = PBXFileReference; lastKnownFileType = wrapper.framework; name = Security.framework; path = System/Library/Frameworks/Security.framework; sourceTree = SDKROOT; };
		F7E5B1F0184C81C8009E3C2F /* SystemConfiguration.framework */ = {isa = PBXFileReference; lastKnownFileType = wrapper.framework; name = SystemConfiguration.framework; path = System/Library/Frameworks/SystemConfiguration.framework; sourceTree = SDKROOT; };
		F7E5B1F2184C81D1009E3C2F /* MobileCoreServices.framework */ = {isa = PBXFileReference; lastKnownFileType = wrapper.framework; name = MobileCoreServices.framework; path = System/Library/Frameworks/MobileCoreServices.framework; sourceTree = SDKROOT; };
		F7E5B1F6184C8FBA009E3C2F /* JSONKit.h */ = {isa = PBXFileReference; fileEncoding = 4; lastKnownFileType = sourcecode.c.h; name = JSONKit.h; path = ../../JSONKit/JSONKit.h; sourceTree = "<group>"; };
		F7E5B1F7184C8FBA009E3C2F /* JSONKit.m */ = {isa = PBXFileReference; fileEncoding = 4; lastKnownFileType = sourcecode.c.objc; name = JSONKit.m; path = ../../JSONKit/JSONKit.m; sourceTree = "<group>"; };
		F7E5B212184CB07B009E3C2F /* MZBookTagModel.h */ = {isa = PBXFileReference; fileEncoding = 4; lastKnownFileType = sourcecode.c.h; path = MZBookTagModel.h; sourceTree = "<group>"; };
		F7E5B213184CB07B009E3C2F /* MZBookTagModel.m */ = {isa = PBXFileReference; fileEncoding = 4; lastKnownFileType = sourcecode.c.objc; path = MZBookTagModel.m; sourceTree = "<group>"; };
		F7E5B21B184CB07C009E3C2F /* MZBookWriterModel.h */ = {isa = PBXFileReference; fileEncoding = 4; lastKnownFileType = sourcecode.c.h; path = MZBookWriterModel.h; sourceTree = "<group>"; };
		F7E5B21C184CB07C009E3C2F /* MZBookWriterModel.m */ = {isa = PBXFileReference; fileEncoding = 4; lastKnownFileType = sourcecode.c.objc; path = MZBookWriterModel.m; sourceTree = "<group>"; };
		F7E5B21F184CE9A8009E3C2F /* MBProgressHUD.h */ = {isa = PBXFileReference; fileEncoding = 4; lastKnownFileType = sourcecode.c.h; name = MBProgressHUD.h; path = "../../MBProgressHUD-master/MBProgressHUD.h"; sourceTree = "<group>"; };
		F7E5B220184CE9A8009E3C2F /* MBProgressHUD.m */ = {isa = PBXFileReference; fileEncoding = 4; lastKnownFileType = sourcecode.c.objc; name = MBProgressHUD.m; path = "../../MBProgressHUD-master/MBProgressHUD.m"; sourceTree = "<group>"; };
		F7E9F53F18449AB9000568AD /* images */ = {isa = PBXFileReference; lastKnownFileType = folder; path = images; sourceTree = "<group>"; };
		F7EE3E3D184DB996007A55FB /* MZDetailHeaderCell.h */ = {isa = PBXFileReference; fileEncoding = 4; lastKnownFileType = sourcecode.c.h; path = MZDetailHeaderCell.h; sourceTree = "<group>"; };
		F7EE3E3E184DB996007A55FB /* MZDetailHeaderCell.m */ = {isa = PBXFileReference; fileEncoding = 4; lastKnownFileType = sourcecode.c.objc; path = MZDetailHeaderCell.m; sourceTree = "<group>"; };
		F7EE3E40184DB9A6007A55FB /* MZDetailCell.h */ = {isa = PBXFileReference; fileEncoding = 4; lastKnownFileType = sourcecode.c.h; path = MZDetailCell.h; sourceTree = "<group>"; };
		F7EE3E41184DB9A6007A55FB /* MZDetailCell.m */ = {isa = PBXFileReference; fileEncoding = 4; lastKnownFileType = sourcecode.c.objc; path = MZDetailCell.m; sourceTree = "<group>"; };
		F7EE3E43184DB9B4007A55FB /* MZDetailFooterCell.h */ = {isa = PBXFileReference; fileEncoding = 4; lastKnownFileType = sourcecode.c.h; path = MZDetailFooterCell.h; sourceTree = "<group>"; };
		F7EE3E44184DB9B4007A55FB /* MZDetailFooterCell.m */ = {isa = PBXFileReference; fileEncoding = 4; lastKnownFileType = sourcecode.c.objc; path = MZDetailFooterCell.m; sourceTree = "<group>"; };
		F7EE3E46184DB9CF007A55FB /* MZDetailVC.h */ = {isa = PBXFileReference; fileEncoding = 4; lastKnownFileType = sourcecode.c.h; path = MZDetailVC.h; sourceTree = "<group>"; };
		F7EE3E47184DB9CF007A55FB /* MZDetailVC.m */ = {isa = PBXFileReference; fileEncoding = 4; lastKnownFileType = sourcecode.c.objc; path = MZDetailVC.m; sourceTree = "<group>"; };
		F7EE3E56184E20DD007A55FB /* ImageIO.framework */ = {isa = PBXFileReference; lastKnownFileType = wrapper.framework; name = ImageIO.framework; path = System/Library/Frameworks/ImageIO.framework; sourceTree = SDKROOT; };
		F7EE3E58184E228C007A55FB /* SDWebImage.framework */ = {isa = PBXFileReference; lastKnownFileType = wrapper.framework; path = SDWebImage.framework; sourceTree = "<group>"; };
		F7F600141861FE6200551DB7 /* MZBookModel.h */ = {isa = PBXFileReference; fileEncoding = 4; lastKnownFileType = sourcecode.c.h; path = MZBookModel.h; sourceTree = "<group>"; };
		F7F600151861FE6200551DB7 /* MZBookModel.m */ = {isa = PBXFileReference; fileEncoding = 4; lastKnownFileType = sourcecode.c.objc; path = MZBookModel.m; sourceTree = "<group>"; };
		F7F60017186202E500551DB7 /* MZBookModel_1_0_0.xcdatamodel */ = {isa = PBXFileReference; lastKnownFileType = wrapper.xcdatamodel; path = MZBookModel_1_0_0.xcdatamodel; sourceTree = "<group>"; };
		F7FDB332184ED07900986347 /* MZExcerptVC.h */ = {isa = PBXFileReference; fileEncoding = 4; lastKnownFileType = sourcecode.c.h; path = MZExcerptVC.h; sourceTree = "<group>"; };
		F7FDB333184ED07900986347 /* MZExcerptVC.m */ = {isa = PBXFileReference; fileEncoding = 4; lastKnownFileType = sourcecode.c.objc; path = MZExcerptVC.m; sourceTree = "<group>"; };
		F7FDB335184F6C5C00986347 /* MZBookExcerptModel.h */ = {isa = PBXFileReference; fileEncoding = 4; lastKnownFileType = sourcecode.c.h; path = MZBookExcerptModel.h; sourceTree = "<group>"; };
		F7FDB336184F6C5C00986347 /* MZBookExcerptModel.m */ = {isa = PBXFileReference; fileEncoding = 4; lastKnownFileType = sourcecode.c.objc; path = MZBookExcerptModel.m; sourceTree = "<group>"; };
/* End PBXFileReference section */

/* Begin PBXFrameworksBuildPhase section */
		F711C053184480F300D85598 /* Frameworks */ = {
			isa = PBXFrameworksBuildPhase;
			buildActionMask = 2147483647;
			files = (
				F7E5B1EB184C81A7009E3C2F /* libz.dylib in Frameworks */,
				F791232A186D2B03009F4729 /* libstdc++.dylib in Frameworks */,
				F7912328186D2AF6009F4729 /* CoreTelephony.framework in Frameworks */,
				F7912326186D2AED009F4729 /* libsqlite3.dylib in Frameworks */,
				F711C05C184480F300D85598 /* CoreGraphics.framework in Frameworks */,
				F7E5B1F1184C81C8009E3C2F /* SystemConfiguration.framework in Frameworks */,
				F7239DA8184610B000AF44CB /* libiconv.dylib in Frameworks */,
				F7E5B1EF184C81C0009E3C2F /* Security.framework in Frameworks */,
				F71C5F19185C12E6005F1C94 /* libMWPhotoBrowser.a in Frameworks */,
				F7EE3E57184E20DD007A55FB /* ImageIO.framework in Frameworks */,
				F75812D31855C8CF0061F8B8 /* QuartzCore.framework in Frameworks */,
				F7BCFC82185C0B610011D9FD /* AssetsLibrary.framework in Frameworks */,
				F7BCFC80185C0B570011D9FD /* MessageUI.framework in Frameworks */,
				F791231B186D269A009F4729 /* libUMSocial_Sdk_Comment_3.3.a in Frameworks */,
				F7912316186D2699009F4729 /* TencentOpenAPI.framework in Frameworks */,
				F7E5B1F3184C81D1009E3C2F /* MobileCoreServices.framework in Frameworks */,
				F7EE3E59184E228C007A55FB /* SDWebImage.framework in Frameworks */,
				F791231A186D2699009F4729 /* libUMSocial_Sdk_3.3.a in Frameworks */,
				F7E5B1ED184C81B7009E3C2F /* CFNetwork.framework in Frameworks */,
				F7912319186D2699009F4729 /* libWeChatSDK.a in Frameworks */,
				F7E5B1E9184C819E009E3C2F /* libxml2.dylib in Frameworks */,
				F7E5B1E7184C815B009E3C2F /* libDoubanApiEngine.framework in Frameworks */,
				F7E5B195184C5C08009E3C2F /* CoreData.framework in Frameworks */,
				F71C5F1D185C86B4005F1C94 /* libMobClickLibrary.a in Frameworks */,
				F7239DAB184610B900AF44CB /* AddressBook.framework in Frameworks */,
				F7239DAC184610B900AF44CB /* AddressBookUI.framework in Frameworks */,
				F7239DA6184610A600AF44CB /* CoreMedia.framework in Frameworks */,
				F7239DA41846109F00AF44CB /* CoreVideo.framework in Frameworks */,
				F7239DA21846109900AF44CB /* AudioToolbox.framework in Frameworks */,
				F7239DA01846109300AF44CB /* AVFoundation.framework in Frameworks */,
				F7239D9C18460F8E00AF44CB /* libZXingWidget.a in Frameworks */,
				F711C05E184480F300D85598 /* UIKit.framework in Frameworks */,
				F711C05A184480F300D85598 /* Foundation.framework in Frameworks */,
				F7912315186D2699009F4729 /* UMSocialLaiWang.a in Frameworks */,
			);
			runOnlyForDeploymentPostprocessing = 0;
		};
		F711C077184480F300D85598 /* Frameworks */ = {
			isa = PBXFrameworksBuildPhase;
			buildActionMask = 2147483647;
			files = (
				F711C07C184480F300D85598 /* XCTest.framework in Frameworks */,
				F711C07E184480F300D85598 /* UIKit.framework in Frameworks */,
				F711C07D184480F300D85598 /* Foundation.framework in Frameworks */,
			);
			runOnlyForDeploymentPostprocessing = 0;
		};
/* End PBXFrameworksBuildPhase section */

/* Begin PBXGroup section */
		F711C04D184480F300D85598 = {
			isa = PBXGroup;
			children = (
				F711C05F184480F300D85598 /* Elephant */,
				F711C081184480F300D85598 /* ElephantTests */,
				F711C058184480F300D85598 /* Frameworks */,
				F711C057184480F300D85598 /* Products */,
				F71C5F13185C12C9005F1C94 /* MWPhotoBrowser.xcodeproj */,
				F7BCFC7D185C0A6C0011D9FD /* MWPhotoBrowser.bundle */,
				F7239D9318460EE700AF44CB /* ZXingWidget.xcodeproj */,
			);
			sourceTree = "<group>";
		};
		F711C057184480F300D85598 /* Products */ = {
			isa = PBXGroup;
			children = (
				F711C056184480F300D85598 /* Elephant.app */,
				F711C07A184480F300D85598 /* ElephantTests.xctest */,
			);
			name = Products;
			sourceTree = "<group>";
		};
		F711C058184480F300D85598 /* Frameworks */ = {
			isa = PBXGroup;
			children = (
				F7912329186D2B03009F4729 /* libstdc++.dylib */,
				F7912327186D2AF6009F4729 /* CoreTelephony.framework */,
				F7912325186D2AED009F4729 /* libsqlite3.dylib */,
				F7BCFC81185C0B610011D9FD /* AssetsLibrary.framework */,
				F7BCFC7F185C0B570011D9FD /* MessageUI.framework */,
				F75812D21855C8CF0061F8B8 /* QuartzCore.framework */,
				F7EE3E58184E228C007A55FB /* SDWebImage.framework */,
				F7EE3E56184E20DD007A55FB /* ImageIO.framework */,
				F7E5B1F2184C81D1009E3C2F /* MobileCoreServices.framework */,
				F7E5B1F0184C81C8009E3C2F /* SystemConfiguration.framework */,
				F7E5B1EE184C81C0009E3C2F /* Security.framework */,
				F7E5B1EC184C81B7009E3C2F /* CFNetwork.framework */,
				F7E5B1EA184C81A7009E3C2F /* libz.dylib */,
				F7E5B1E8184C819E009E3C2F /* libxml2.dylib */,
				F7E5B1E6184C815B009E3C2F /* libDoubanApiEngine.framework */,
				F7E5B194184C5C08009E3C2F /* CoreData.framework */,
				F7239DA9184610B900AF44CB /* AddressBook.framework */,
				F7239DAA184610B900AF44CB /* AddressBookUI.framework */,
				F7239DA7184610B000AF44CB /* libiconv.dylib */,
				F7239DA5184610A600AF44CB /* CoreMedia.framework */,
				F7239DA31846109F00AF44CB /* CoreVideo.framework */,
				F7239DA11846109900AF44CB /* AudioToolbox.framework */,
				F7239D9F1846109300AF44CB /* AVFoundation.framework */,
				F711C059184480F300D85598 /* Foundation.framework */,
				F711C05B184480F300D85598 /* CoreGraphics.framework */,
				F711C05D184480F300D85598 /* UIKit.framework */,
				F711C07B184480F300D85598 /* XCTest.framework */,
			);
			name = Frameworks;
			sourceTree = "<group>";
		};
		F711C05F184480F300D85598 /* Elephant */ = {
			isa = PBXGroup;
			children = (
				F78D118A1854BBC2000D6C14 /* 松鼠29.png */,
				F78D118B1854BBC2000D6C14 /* 松鼠40.png */,
				F78D118C1854BBC2000D6C14 /* 松鼠58.png */,
				F78D118D1854BBC2000D6C14 /* 松鼠76.png */,
				F78D118E1854BBC2000D6C14 /* 松鼠80.png */,
				F78D118F1854BBC2000D6C14 /* 松鼠120.png */,
				F78D11901854BBC2000D6C14 /* 松鼠152.png */,
				F7239DB418461ED800AF44CB /* beep-beep.aiff */,
				F78D11861854BA5E000D6C14 /* Default.png */,
				F78D11871854BA5E000D6C14 /* Default@2X.png */,
				F7E9F53F18449AB9000568AD /* images */,
				F711C0911844874800D85598 /* VC */,
				F7239DB71846252300AF44CB /* Framework */,
				F711C068184480F300D85598 /* MZAppDelegate.h */,
				F711C069184480F300D85598 /* MZAppDelegate.m */,
				F7D7C5031869F93300E85C51 /* Config.h */,
				F711C06B184480F300D85598 /* Main_iPhone.storyboard */,
				F711C06E184480F300D85598 /* Main_iPad.storyboard */,
				F78D11831854B839000D6C14 /* images.xcassets */,
				F711C060184480F300D85598 /* Supporting Files */,
			);
			path = Elephant;
			sourceTree = "<group>";
		};
		F711C060184480F300D85598 /* Supporting Files */ = {
			isa = PBXGroup;
			children = (
				F7239DAF184612FC00AF44CB /* main.m */,
				F711C061184480F300D85598 /* Elephant-Info.plist */,
				F711C062184480F300D85598 /* InfoPlist.strings */,
				F711C067184480F300D85598 /* Elephant-Prefix.pch */,
			);
			name = "Supporting Files";
			sourceTree = "<group>";
		};
		F711C081184480F300D85598 /* ElephantTests */ = {
			isa = PBXGroup;
			children = (
				F711C087184480F300D85598 /* ElephantTests.m */,
				F711C082184480F300D85598 /* Supporting Files */,
			);
			path = ElephantTests;
			sourceTree = "<group>";
		};
		F711C082184480F300D85598 /* Supporting Files */ = {
			isa = PBXGroup;
			children = (
				F711C083184480F300D85598 /* ElephantTests-Info.plist */,
				F711C084184480F300D85598 /* InfoPlist.strings */,
			);
			name = "Supporting Files";
			sourceTree = "<group>";
		};
		F711C0911844874800D85598 /* VC */ = {
			isa = PBXGroup;
			children = (
				F7BA25F61868238500E5AFA8 /* Startup */,
				F7F600111861F5DE00551DB7 /* Search */,
				F7A20B051850E6AB00ACD69B /* Setting */,
				F7FDB330184ED05B00986347 /* Excerpt */,
				F7EE3E3C184DB90C007A55FB /* Detail */,
				F7EE3E3B184DB8F1007A55FB /* Collection */,
			);
			name = VC;
			sourceTree = "<group>";
		};
		F71C5F14185C12C9005F1C94 /* Products */ = {
			isa = PBXGroup;
			children = (
				F71C5F18185C12C9005F1C94 /* libMWPhotoBrowser.a */,
			);
			name = Products;
			sourceTree = "<group>";
		};
		F71C5F1A185C869F005F1C94 /* Umeng */ = {
			isa = PBXGroup;
			children = (
				F71C5F1B185C86B4005F1C94 /* libMobClickLibrary.a */,
				F71C5F1C185C86B4005F1C94 /* MobClick.h */,
			);
			name = Umeng;
			sourceTree = "<group>";
		};
		F7239D9418460EE700AF44CB /* Products */ = {
			isa = PBXGroup;
			children = (
				F7239D9918460EE800AF44CB /* libZXingWidget.a */,
				F7239D9B18460EE800AF44CB /* ZXingTests.octest */,
			);
			name = Products;
			sourceTree = "<group>";
		};
		F7239DB71846252300AF44CB /* Framework */ = {
			isa = PBXGroup;
			children = (
				F79122EC186D2699009F4729 /* UMSocial_Sdk_3.3 */,
				F71C5F1A185C869F005F1C94 /* Umeng */,
				F75812CB1855C7AD0061F8B8 /* PopOver */,
				F7E5B21E184CE988009E3C2F /* MBProgressHUD */,
				F7E5B1F9184C8FBE009E3C2F /* JSONKit */,
				F753CE4F1847304B003169B3 /* BookStore */,
				F7E540F61861CB1F003F5939 /* CoreDataMigration */,
			);
			name = Framework;
			sourceTree = "<group>";
		};
		F753CE4F1847304B003169B3 /* BookStore */ = {
			isa = PBXGroup;
			children = (
				F7E5B187184C34AF009E3C2F /* Model */,
				F753CE541847441D003169B3 /* MZBookStoreAPI.h */,
				F753CE51184743A9003169B3 /* MZBookStoreFactory.m */,
				F753CE4B18472F79003169B3 /* MZBookStoreDefault.h */,
				F753CE4C18472F79003169B3 /* MZBookStoreDefault.m */,
				F7E5B183184C2F35009E3C2F /* MZBookModel.xcdatamodeld */,
			);
			name = BookStore;
			sourceTree = "<group>";
		};
		F75812CB1855C7AD0061F8B8 /* PopOver */ = {
			isa = PBXGroup;
			children = (
				F75812D11855C8760061F8B8 /* PopoverView_Configuration.h */,
				F75812D01855C84F0061F8B8 /* PopoverViewCompatibility.h */,
				F75812CD1855C7BA0061F8B8 /* PopoverView.h */,
				F75812CE1855C7BA0061F8B8 /* PopoverView.m */,
			);
			name = PopOver;
			sourceTree = "<group>";
		};
		F79122EC186D2699009F4729 /* UMSocial_Sdk_3.3 */ = {
			isa = PBXGroup;
			children = (
				F79122ED186D2699009F4729 /* UMSocialLocalizable.strings */,
				F79122EF186D2699009F4729 /* frameworks */,
				F79122FB186D2699009F4729 /* Header */,
				F7912307186D2699009F4729 /* libUMSocial_Sdk_3.3.a */,
				F7912308186D2699009F4729 /* libUMSocial_Sdk_Comment_3.3.a */,
				F7912309186D2699009F4729 /* SocialSDKXib */,
				F7912312186D2699009F4729 /* UMSocialSDKResourcesNew.bundle */,
			);
			path = UMSocial_Sdk_3.3;
			sourceTree = "<group>";
		};
		F79122EF186D2699009F4729 /* frameworks */ = {
			isa = PBXGroup;
			children = (
				F79122F0186D2699009F4729 /* LaiWang */,
				F79122F3186D2699009F4729 /* TencentOpenAPI */,
				F79122F6186D2699009F4729 /* UMSocialYiXin.framework */,
				F79122F7186D2699009F4729 /* Wechat */,
			);
			path = frameworks;
			sourceTree = "<group>";
		};
		F79122F0186D2699009F4729 /* LaiWang */ = {
			isa = PBXGroup;
			children = (
				F79122F1186D2699009F4729 /* UMSocialLaiWang.a */,
				F79122F2186D2699009F4729 /* UMSocialLaiwangHandler.h */,
			);
			path = LaiWang;
			sourceTree = "<group>";
		};
		F79122F3186D2699009F4729 /* TencentOpenAPI */ = {
			isa = PBXGroup;
			children = (
				F79122F4186D2699009F4729 /* TencentOpenAPI.framework */,
				F79122F5186D2699009F4729 /* TencentOpenApi_IOS_Bundle.bundle */,
			);
			path = TencentOpenAPI;
			sourceTree = "<group>";
		};
		F79122F7186D2699009F4729 /* Wechat */ = {
			isa = PBXGroup;
			children = (
				F79122F8186D2699009F4729 /* libWeChatSDK.a */,
				F79122F9186D2699009F4729 /* WXApi.h */,
				F79122FA186D2699009F4729 /* WXApiObject.h */,
			);
			path = Wechat;
			sourceTree = "<group>";
		};
		F79122FB186D2699009F4729 /* Header */ = {
			isa = PBXGroup;
			children = (
				F79122FC186D2699009F4729 /* UMSocial.h */,
				F79122FD186D2699009F4729 /* UMSocialAccountManager.h */,
				F79122FE186D2699009F4729 /* UMSocialBar.h */,
				F79122FF186D2699009F4729 /* UMSocialConfig.h */,
				F7912300186D2699009F4729 /* UMSocialControllerService.h */,
				F7912301186D2699009F4729 /* UMSocialControllerServiceComment.h */,
				F7912302186D2699009F4729 /* UMSocialData.h */,
				F7912303186D2699009F4729 /* UMSocialDataService.h */,
				F7912304186D2699009F4729 /* UMSocialSnsData.h */,
				F7912305186D2699009F4729 /* UMSocialSnsPlatformManager.h */,
				F7912306186D2699009F4729 /* UMSocialSnsService.h */,
			);
			path = Header;
			sourceTree = "<group>";
		};
		F7912309186D2699009F4729 /* SocialSDKXib */ = {
			isa = PBXGroup;
			children = (
				F791230A186D2699009F4729 /* UMSCommentDetailController.xib */,
				F791230B186D2699009F4729 /* UMSCommentInputController.xib */,
				F791230C186D2699009F4729 /* UMSCommentInputControlleriPad.xib */,
				F791230D186D2699009F4729 /* UMShareEditViewController.xib */,
				F791230E186D2699009F4729 /* UMShareEditViewControlleriPad.xib */,
				F791230F186D2699009F4729 /* UMSLoginViewController.xib */,
				F7912310186D2699009F4729 /* UMSnsAccountViewController.xib */,
				F7912311186D2699009F4729 /* UMSShareListController.xib */,
			);
			path = SocialSDKXib;
			sourceTree = "<group>";
		};
		F7A20B051850E6AB00ACD69B /* Setting */ = {
			isa = PBXGroup;
			children = (
				F7A20B071850E6C200ACD69B /* MZSettingViewController.h */,
				F7A20B081850E6C200ACD69B /* MZSettingViewController.m */,
				F75812D41855E2DE0061F8B8 /* MZBookListVC.h */,
				F75812D51855E2DE0061F8B8 /* MZBookListVC.m */,
			);
			name = Setting;
			sourceTree = "<group>";
		};
		F7BA25F61868238500E5AFA8 /* Startup */ = {
			isa = PBXGroup;
			children = (
				F711C071184480F300D85598 /* MZViewController.h */,
				F711C072184480F300D85598 /* MZViewController.m */,
			);
			name = Startup;
			sourceTree = "<group>";
		};
		F7E540F61861CB1F003F5939 /* CoreDataMigration */ = {
			isa = PBXGroup;
			children = (
				F7E541031861CB75003F5939 /* NSFileManager+MHWAdditions.h */,
				F7E541041861CB75003F5939 /* NSFileManager+MHWAdditions.m */,
				F7E540F71861CB46003F5939 /* MHWCoreDataController.h */,
				F7E540F81861CB46003F5939 /* MHWCoreDataController.m */,
				F7E540F91861CB46003F5939 /* MHWMigrationManager.h */,
				F7E540FA1861CB46003F5939 /* MHWMigrationManager.m */,
				F7E540FB1861CB46003F5939 /* NSManagedObjectModel+MHWAdditions.h */,
				F7E540FC1861CB46003F5939 /* NSManagedObjectModel+MHWAdditions.m */,
				F7E540FD1861CB46003F5939 /* NSMigrationManager+Lookup.h */,
				F7E540FE1861CB46003F5939 /* NSMigrationManager+Lookup.m */,
			);
			name = CoreDataMigration;
			sourceTree = "<group>";
		};
		F7E5B187184C34AF009E3C2F /* Model */ = {
			isa = PBXGroup;
			children = (
				F7E5B212184CB07B009E3C2F /* MZBookTagModel.h */,
				F7E5B213184CB07B009E3C2F /* MZBookTagModel.m */,
				F7E5B21B184CB07C009E3C2F /* MZBookWriterModel.h */,
				F7E5B21C184CB07C009E3C2F /* MZBookWriterModel.m */,
				F7FDB335184F6C5C00986347 /* MZBookExcerptModel.h */,
				F7FDB336184F6C5C00986347 /* MZBookExcerptModel.m */,
				F7F600141861FE6200551DB7 /* MZBookModel.h */,
				F7F600151861FE6200551DB7 /* MZBookModel.m */,
			);
			name = Model;
			sourceTree = "<group>";
		};
		F7E5B1F9184C8FBE009E3C2F /* JSONKit */ = {
			isa = PBXGroup;
			children = (
				F7E5B1F6184C8FBA009E3C2F /* JSONKit.h */,
				F7E5B1F7184C8FBA009E3C2F /* JSONKit.m */,
			);
			name = JSONKit;
			sourceTree = "<group>";
		};
		F7E5B21E184CE988009E3C2F /* MBProgressHUD */ = {
			isa = PBXGroup;
			children = (
				F7E5B21F184CE9A8009E3C2F /* MBProgressHUD.h */,
				F7E5B220184CE9A8009E3C2F /* MBProgressHUD.m */,
			);
			name = MBProgressHUD;
			sourceTree = "<group>";
		};
		F7EE3E3B184DB8F1007A55FB /* Collection */ = {
			isa = PBXGroup;
			children = (
				F7CD1BA918458F4D00BA22A0 /* MZCollectionShelfVC.h */,
				F7239DB11846132B00AF44CB /* MZCollectionShelfVC.mm */,
				F7CD1BAC18458FB300BA22A0 /* MZCollectionShelfCell.h */,
				F7CD1BAD18458FB300BA22A0 /* MZCollectionShelfCell.m */,
				F7BE5B9A1860AC0F00EF3D0F /* MZCollectionShelfHeader.h */,
				F7BE5B9B1860AC0F00EF3D0F /* MZCollectionShelfHeader.m */,
			);
			name = Collection;
			sourceTree = "<group>";
		};
		F7EE3E3C184DB90C007A55FB /* Detail */ = {
			isa = PBXGroup;
			children = (
				F7EE3E3D184DB996007A55FB /* MZDetailHeaderCell.h */,
				F7EE3E3E184DB996007A55FB /* MZDetailHeaderCell.m */,
				F7EE3E40184DB9A6007A55FB /* MZDetailCell.h */,
				F7EE3E41184DB9A6007A55FB /* MZDetailCell.m */,
				F7EE3E43184DB9B4007A55FB /* MZDetailFooterCell.h */,
				F7EE3E44184DB9B4007A55FB /* MZDetailFooterCell.m */,
				F7EE3E46184DB9CF007A55FB /* MZDetailVC.h */,
				F7EE3E47184DB9CF007A55FB /* MZDetailVC.m */,
			);
			name = Detail;
			sourceTree = "<group>";
		};
		F7F600111861F5DE00551DB7 /* Search */ = {
			isa = PBXGroup;
			children = (
				F7239D8F1845E30D00AF44CB /* MZSearchVC.h */,
				F7239D901845E30D00AF44CB /* MZSearchVC.m */,
			);
			name = Search;
			sourceTree = "<group>";
		};
		F7FDB330184ED05B00986347 /* Excerpt */ = {
			isa = PBXGroup;
			children = (
				F7FDB332184ED07900986347 /* MZExcerptVC.h */,
				F7FDB333184ED07900986347 /* MZExcerptVC.m */,
			);
			name = Excerpt;
			sourceTree = "<group>";
		};
/* End PBXGroup section */

/* Begin PBXNativeTarget section */
		F711C055184480F300D85598 /* Elephant */ = {
			isa = PBXNativeTarget;
			buildConfigurationList = F711C08B184480F300D85598 /* Build configuration list for PBXNativeTarget "Elephant" */;
			buildPhases = (
				F711C052184480F300D85598 /* Sources */,
				F711C053184480F300D85598 /* Frameworks */,
				F711C054184480F300D85598 /* Resources */,
			);
			buildRules = (
			);
			dependencies = (
				F7239D9E18460FAB00AF44CB /* PBXTargetDependency */,
			);
			name = Elephant;
			productName = Elephant;
			productReference = F711C056184480F300D85598 /* Elephant.app */;
			productType = "com.apple.product-type.application";
		};
		F711C079184480F300D85598 /* ElephantTests */ = {
			isa = PBXNativeTarget;
			buildConfigurationList = F711C08E184480F300D85598 /* Build configuration list for PBXNativeTarget "ElephantTests" */;
			buildPhases = (
				F711C076184480F300D85598 /* Sources */,
				F711C077184480F300D85598 /* Frameworks */,
				F711C078184480F300D85598 /* Resources */,
			);
			buildRules = (
			);
			dependencies = (
				F711C080184480F300D85598 /* PBXTargetDependency */,
			);
			name = ElephantTests;
			productName = ElephantTests;
			productReference = F711C07A184480F300D85598 /* ElephantTests.xctest */;
			productType = "com.apple.product-type.bundle.unit-test";
		};
/* End PBXNativeTarget section */

/* Begin PBXProject section */
		F711C04E184480F300D85598 /* Project object */ = {
			isa = PBXProject;
			attributes = {
				CLASSPREFIX = MZ;
				LastUpgradeCheck = 0500;
				ORGANIZATIONNAME = mz;
				TargetAttributes = {
					F711C079184480F300D85598 = {
						TestTargetID = F711C055184480F300D85598;
					};
				};
			};
			buildConfigurationList = F711C051184480F300D85598 /* Build configuration list for PBXProject "Elephant" */;
			compatibilityVersion = "Xcode 3.2";
			developmentRegion = English;
			hasScannedForEncodings = 0;
			knownRegions = (
				en,
				Base,
				"zh-Hans",
			);
			mainGroup = F711C04D184480F300D85598;
			productRefGroup = F711C057184480F300D85598 /* Products */;
			projectDirPath = "";
			projectReferences = (
				{
					ProductGroup = F71C5F14185C12C9005F1C94 /* Products */;
					ProjectRef = F71C5F13185C12C9005F1C94 /* MWPhotoBrowser.xcodeproj */;
				},
				{
					ProductGroup = F7239D9418460EE700AF44CB /* Products */;
					ProjectRef = F7239D9318460EE700AF44CB /* ZXingWidget.xcodeproj */;
				},
			);
			projectRoot = "";
			targets = (
				F711C055184480F300D85598 /* Elephant */,
				F711C079184480F300D85598 /* ElephantTests */,
			);
		};
/* End PBXProject section */

/* Begin PBXReferenceProxy section */
		F71C5F18185C12C9005F1C94 /* libMWPhotoBrowser.a */ = {
			isa = PBXReferenceProxy;
			fileType = archive.ar;
			path = libMWPhotoBrowser.a;
			remoteRef = F71C5F17185C12C9005F1C94 /* PBXContainerItemProxy */;
			sourceTree = BUILT_PRODUCTS_DIR;
		};
		F7239D9918460EE800AF44CB /* libZXingWidget.a */ = {
			isa = PBXReferenceProxy;
			fileType = archive.ar;
			path = libZXingWidget.a;
			remoteRef = F7239D9818460EE800AF44CB /* PBXContainerItemProxy */;
			sourceTree = BUILT_PRODUCTS_DIR;
		};
		F7239D9B18460EE800AF44CB /* ZXingTests.octest */ = {
			isa = PBXReferenceProxy;
			fileType = wrapper.cfbundle;
			path = ZXingTests.octest;
			remoteRef = F7239D9A18460EE800AF44CB /* PBXContainerItemProxy */;
			sourceTree = BUILT_PRODUCTS_DIR;
		};
/* End PBXReferenceProxy section */

/* Begin PBXResourcesBuildPhase section */
		F711C054184480F300D85598 /* Resources */ = {
			isa = PBXResourcesBuildPhase;
			buildActionMask = 2147483647;
			files = (
				F7912322186D269A009F4729 /* UMSnsAccountViewController.xib in Resources */,
				F78D11931854BBC2000D6C14 /* 松鼠58.png in Resources */,
				F78D11891854BA5E000D6C14 /* Default@2X.png in Resources */,
				F78D11941854BBC2000D6C14 /* 松鼠76.png in Resources */,
				F791231E186D269A009F4729 /* UMSCommentInputControlleriPad.xib in Resources */,
				F7E9F54018449AB9000568AD /* images in Resources */,
				F78D11841854B839000D6C14 /* images.xcassets in Resources */,
				F78D11921854BBC2000D6C14 /* 松鼠40.png in Resources */,
				F7912317186D2699009F4729 /* TencentOpenApi_IOS_Bundle.bundle in Resources */,
				F7912321186D269A009F4729 /* UMSLoginViewController.xib in Resources */,
				F791231F186D269A009F4729 /* UMShareEditViewController.xib in Resources */,
				F7239DB518461ED800AF44CB /* beep-beep.aiff in Resources */,
				F7912324186D269A009F4729 /* UMSocialSDKResourcesNew.bundle in Resources */,
				F711C070184480F300D85598 /* Main_iPad.storyboard in Resources */,
				F78D11881854BA5E000D6C14 /* Default.png in Resources */,
				F7912314186D2699009F4729 /* UMSocialLocalizable.strings in Resources */,
				F78D11961854BBC2000D6C14 /* 松鼠120.png in Resources */,
				F711C06D184480F300D85598 /* Main_iPhone.storyboard in Resources */,
				F78D11971854BBC2000D6C14 /* 松鼠152.png in Resources */,
				F7912320186D269A009F4729 /* UMShareEditViewControlleriPad.xib in Resources */,
				F711C064184480F300D85598 /* InfoPlist.strings in Resources */,
				F791231C186D269A009F4729 /* UMSCommentDetailController.xib in Resources */,
				F7912323186D269A009F4729 /* UMSShareListController.xib in Resources */,
				F78D11951854BBC2000D6C14 /* 松鼠80.png in Resources */,
				F78D11911854BBC2000D6C14 /* 松鼠29.png in Resources */,
				F791231D186D269A009F4729 /* UMSCommentInputController.xib in Resources */,
				F7BCFC7E185C0A6C0011D9FD /* MWPhotoBrowser.bundle in Resources */,
			);
			runOnlyForDeploymentPostprocessing = 0;
		};
		F711C078184480F300D85598 /* Resources */ = {
			isa = PBXResourcesBuildPhase;
			buildActionMask = 2147483647;
			files = (
				F711C086184480F300D85598 /* InfoPlist.strings in Resources */,
			);
			runOnlyForDeploymentPostprocessing = 0;
		};
/* End PBXResourcesBuildPhase section */

/* Begin PBXSourcesBuildPhase section */
		F711C052184480F300D85598 /* Sources */ = {
			isa = PBXSourcesBuildPhase;
			buildActionMask = 2147483647;
			files = (
				F7EE3E45184DB9B4007A55FB /* MZDetailFooterCell.m in Sources */,
				F7E541021861CB46003F5939 /* NSMigrationManager+Lookup.m in Sources */,
				F753CE52184743A9003169B3 /* MZBookStoreFactory.m in Sources */,
				F7BE5B9C1860AC0F00EF3D0F /* MZCollectionShelfHeader.m in Sources */,
				F7EE3E48184DB9CF007A55FB /* MZDetailVC.m in Sources */,
				F753CE4D18472F79003169B3 /* MZBookStoreDefault.m in Sources */,
				F7EE3E3F184DB996007A55FB /* MZDetailHeaderCell.m in Sources */,
				F7239DB21846132B00AF44CB /* MZCollectionShelfVC.mm in Sources */,
				F75812D61855E2DE0061F8B8 /* MZBookListVC.m in Sources */,
				F7E541011861CB46003F5939 /* NSManagedObjectModel+MHWAdditions.m in Sources */,
				F7E540FF1861CB46003F5939 /* MHWCoreDataController.m in Sources */,
				F7CD1BAE18458FB300BA22A0 /* MZCollectionShelfCell.m in Sources */,
				F7E5B1F8184C8FBA009E3C2F /* JSONKit.m in Sources */,
				F711C073184480F300D85598 /* MZViewController.m in Sources */,
				F7EE3E42184DB9A6007A55FB /* MZDetailCell.m in Sources */,
				F7F600161861FE6200551DB7 /* MZBookModel.m in Sources */,
				F7E5B185184C2F35009E3C2F /* MZBookModel.xcdatamodeld in Sources */,
				F7E5B221184CE9A8009E3C2F /* MBProgressHUD.m in Sources */,
				F7239D911845E30D00AF44CB /* MZSearchVC.m in Sources */,
				F7FDB337184F6C5C00986347 /* MZBookExcerptModel.m in Sources */,
				F7A20B091850E6C200ACD69B /* MZSettingViewController.m in Sources */,
				F7239DB0184612FC00AF44CB /* main.m in Sources */,
				F7E541051861CB75003F5939 /* NSFileManager+MHWAdditions.m in Sources */,
				F7E541001861CB46003F5939 /* MHWMigrationManager.m in Sources */,
				F7E5B214184CB07B009E3C2F /* MZBookTagModel.m in Sources */,
				F75812CF1855C7BA0061F8B8 /* PopoverView.m in Sources */,
				F711C06A184480F300D85598 /* MZAppDelegate.m in Sources */,
				F7E5B21D184CB07C009E3C2F /* MZBookWriterModel.m in Sources */,
				F7FDB334184ED07900986347 /* MZExcerptVC.m in Sources */,
			);
			runOnlyForDeploymentPostprocessing = 0;
		};
		F711C076184480F300D85598 /* Sources */ = {
			isa = PBXSourcesBuildPhase;
			buildActionMask = 2147483647;
			files = (
				F711C088184480F300D85598 /* ElephantTests.m in Sources */,
			);
			runOnlyForDeploymentPostprocessing = 0;
		};
/* End PBXSourcesBuildPhase section */

/* Begin PBXTargetDependency section */
		F711C080184480F300D85598 /* PBXTargetDependency */ = {
			isa = PBXTargetDependency;
			target = F711C055184480F300D85598 /* Elephant */;
			targetProxy = F711C07F184480F300D85598 /* PBXContainerItemProxy */;
		};
		F7239D9E18460FAB00AF44CB /* PBXTargetDependency */ = {
			isa = PBXTargetDependency;
			name = ZXingWidget;
			targetProxy = F7239D9D18460FAB00AF44CB /* PBXContainerItemProxy */;
		};
/* End PBXTargetDependency section */

/* Begin PBXVariantGroup section */
		F711C062184480F300D85598 /* InfoPlist.strings */ = {
			isa = PBXVariantGroup;
			children = (
				F711C063184480F300D85598 /* en */,
			);
			name = InfoPlist.strings;
			sourceTree = "<group>";
		};
		F711C06B184480F300D85598 /* Main_iPhone.storyboard */ = {
			isa = PBXVariantGroup;
			children = (
				F711C06C184480F300D85598 /* Base */,
			);
			name = Main_iPhone.storyboard;
			sourceTree = "<group>";
		};
		F711C06E184480F300D85598 /* Main_iPad.storyboard */ = {
			isa = PBXVariantGroup;
			children = (
				F711C06F184480F300D85598 /* Base */,
			);
			name = Main_iPad.storyboard;
			sourceTree = "<group>";
		};
		F711C084184480F300D85598 /* InfoPlist.strings */ = {
			isa = PBXVariantGroup;
			children = (
				F711C085184480F300D85598 /* en */,
			);
			name = InfoPlist.strings;
			sourceTree = "<group>";
		};
		F79122ED186D2699009F4729 /* UMSocialLocalizable.strings */ = {
			isa = PBXVariantGroup;
			children = (
				F79122EE186D2699009F4729 /* en */,
				F7912313186D2699009F4729 /* zh-Hans */,
			);
			name = UMSocialLocalizable.strings;
			sourceTree = "<group>";
		};
/* End PBXVariantGroup section */

/* Begin XCBuildConfiguration section */
		F711C089184480F300D85598 /* Debug */ = {
			isa = XCBuildConfiguration;
			buildSettings = {
				ALWAYS_SEARCH_USER_PATHS = YES;
				ARCHS = "$(ARCHS_STANDARD)";
				CLANG_CXX_LANGUAGE_STANDARD = "gnu++0x";
				CLANG_CXX_LIBRARY = "libstdc++";
				CLANG_ENABLE_MODULES = YES;
				CLANG_ENABLE_OBJC_ARC = YES;
				CLANG_WARN_BOOL_CONVERSION = YES;
				CLANG_WARN_CONSTANT_CONVERSION = YES;
				CLANG_WARN_DIRECT_OBJC_ISA_USAGE = YES_ERROR;
				CLANG_WARN_EMPTY_BODY = YES;
				CLANG_WARN_ENUM_CONVERSION = YES;
				CLANG_WARN_INT_CONVERSION = YES;
				CLANG_WARN_OBJC_ROOT_CLASS = YES_ERROR;
				CLANG_WARN__DUPLICATE_METHOD_MATCH = YES;
				"CODE_SIGN_IDENTITY[sdk=iphoneos*]" = "iPhone Developer";
				COPY_PHASE_STRIP = NO;
				GCC_C_LANGUAGE_STANDARD = gnu99;
				GCC_DYNAMIC_NO_PIC = NO;
				GCC_OPTIMIZATION_LEVEL = 0;
				GCC_PREPROCESSOR_DEFINITIONS = (
					"DEBUG=1",
					"$(inherited)",
				);
				GCC_SYMBOLS_PRIVATE_EXTERN = NO;
				GCC_WARN_64_TO_32_BIT_CONVERSION = YES;
				GCC_WARN_ABOUT_RETURN_TYPE = YES_ERROR;
				GCC_WARN_UNDECLARED_SELECTOR = YES;
				GCC_WARN_UNINITIALIZED_AUTOS = YES;
				GCC_WARN_UNUSED_FUNCTION = YES;
				GCC_WARN_UNUSED_VARIABLE = YES;
				IPHONEOS_DEPLOYMENT_TARGET = 7.0;
				ONLY_ACTIVE_ARCH = YES;
				SDKROOT = iphoneos;
				TARGETED_DEVICE_FAMILY = "1,2";
				USER_HEADER_SEARCH_PATHS = "/Users/mazhao/Dropbox/2013大象（书摘）/Elephant/MWPhotoBrowser/MWPhotoBrowser/Classes";
			};
			name = Debug;
		};
		F711C08A184480F300D85598 /* Release */ = {
			isa = XCBuildConfiguration;
			buildSettings = {
				ALWAYS_SEARCH_USER_PATHS = YES;
				ARCHS = "$(ARCHS_STANDARD)";
				CLANG_CXX_LANGUAGE_STANDARD = "gnu++0x";
				CLANG_CXX_LIBRARY = "libstdc++";
				CLANG_ENABLE_MODULES = YES;
				CLANG_ENABLE_OBJC_ARC = YES;
				CLANG_WARN_BOOL_CONVERSION = YES;
				CLANG_WARN_CONSTANT_CONVERSION = YES;
				CLANG_WARN_DIRECT_OBJC_ISA_USAGE = YES_ERROR;
				CLANG_WARN_EMPTY_BODY = YES;
				CLANG_WARN_ENUM_CONVERSION = YES;
				CLANG_WARN_INT_CONVERSION = YES;
				CLANG_WARN_OBJC_ROOT_CLASS = YES_ERROR;
				CLANG_WARN__DUPLICATE_METHOD_MATCH = YES;
				"CODE_SIGN_IDENTITY[sdk=iphoneos*]" = "iPhone Developer";
				COPY_PHASE_STRIP = YES;
				ENABLE_NS_ASSERTIONS = NO;
				GCC_C_LANGUAGE_STANDARD = gnu99;
				GCC_WARN_64_TO_32_BIT_CONVERSION = YES;
				GCC_WARN_ABOUT_RETURN_TYPE = YES_ERROR;
				GCC_WARN_UNDECLARED_SELECTOR = YES;
				GCC_WARN_UNINITIALIZED_AUTOS = YES;
				GCC_WARN_UNUSED_FUNCTION = YES;
				GCC_WARN_UNUSED_VARIABLE = YES;
				IPHONEOS_DEPLOYMENT_TARGET = 7.0;
				ONLY_ACTIVE_ARCH = YES;
				SDKROOT = iphoneos;
				TARGETED_DEVICE_FAMILY = "1,2";
				USER_HEADER_SEARCH_PATHS = "/Users/mazhao/Dropbox/2013大象（书摘）/Elephant/MWPhotoBrowser/MWPhotoBrowser/Classes";
				VALIDATE_PRODUCT = YES;
			};
			name = Release;
		};
		F711C08C184480F300D85598 /* Debug */ = {
			isa = XCBuildConfiguration;
			buildSettings = {
				ASSETCATALOG_COMPILER_LAUNCHIMAGE_NAME = LaunchImage;
				FRAMEWORK_SEARCH_PATHS = (
					"$(inherited)",
					"/Users/mazhao/Dropbox/2013大象（书摘）/Elephant/douban-objc-client",
					"/Users/mazhao/Dropbox/2013大象（书摘）/Elephant/Elephant",
					"/Users/mazhao/Dropbox/2013大象（书摘）/Elephant/Elephant/Elephant/UMSocial_Sdk_3.3/frameworks/TencentOpenAPI",
					"/Users/mazhao/Dropbox/2013大象（书摘）/Elephant/Elephant/Elephant/UMSocial_Sdk_3.3/frameworks",
				);
				GCC_PRECOMPILE_PREFIX_HEADER = YES;
				GCC_PREFIX_HEADER = "Elephant/Elephant-Prefix.pch";
				HEADER_SEARCH_PATHS = (
					"$(inherited)",
					/Applications/Xcode.app/Contents/Developer/Toolchains/XcodeDefault.xctoolchain/usr/include,
					"../zxing-2.2/iphone/ZXingWidget/Classes/**",
					"../zxing-2.2/cpp/core/src",
				);
				INFOPLIST_FILE = "Elephant/Elephant-Info.plist";
				LIBRARY_SEARCH_PATHS = (
					"$(inherited)",
					"/Users/mazhao/Dropbox/2013大象（书摘）/Elephant/UMAnalytics_Sdk_2.2.1.OpenUDID",
					"/Users/mazhao/Dropbox/2013大象（书摘）/Elephant/Elephant/Elephant/UMSocial_Sdk_3.3/frameworks/LaiWang",
					"/Users/mazhao/Dropbox/2013大象（书摘）/Elephant/Elephant/Elephant/UMSocial_Sdk_3.3/frameworks/Wechat",
					"/Users/mazhao/Dropbox/2013大象（书摘）/Elephant/Elephant/Elephant/UMSocial_Sdk_3.3",
				);
				OTHER_LDFLAGS = (
					"-ObjC",
					"-all_load",
				);
				PRODUCT_NAME = "$(TARGET_NAME)";
				WRAPPER_EXTENSION = app;
			};
			name = Debug;
		};
		F711C08D184480F300D85598 /* Release */ = {
			isa = XCBuildConfiguration;
			buildSettings = {
				ASSETCATALOG_COMPILER_LAUNCHIMAGE_NAME = LaunchImage;
				FRAMEWORK_SEARCH_PATHS = (
					"$(inherited)",
					"/Users/mazhao/Dropbox/2013大象（书摘）/Elephant/douban-objc-client",
					"/Users/mazhao/Dropbox/2013大象（书摘）/Elephant/Elephant",
					"/Users/mazhao/Dropbox/2013大象（书摘）/Elephant/Elephant/Elephant/UMSocial_Sdk_3.3/frameworks/TencentOpenAPI",
					"/Users/mazhao/Dropbox/2013大象（书摘）/Elephant/Elephant/Elephant/UMSocial_Sdk_3.3/frameworks",
				);
				GCC_PRECOMPILE_PREFIX_HEADER = YES;
				GCC_PREFIX_HEADER = "Elephant/Elephant-Prefix.pch";
				HEADER_SEARCH_PATHS = (
					"$(inherited)",
					/Applications/Xcode.app/Contents/Developer/Toolchains/XcodeDefault.xctoolchain/usr/include,
					"../zxing-2.2/iphone/ZXingWidget/Classes/**",
					"../zxing-2.2/cpp/core/src",
				);
				INFOPLIST_FILE = "Elephant/Elephant-Info.plist";
				LIBRARY_SEARCH_PATHS = (
					"$(inherited)",
					"/Users/mazhao/Dropbox/2013大象（书摘）/Elephant/UMAnalytics_Sdk_2.2.1.OpenUDID",
					"/Users/mazhao/Dropbox/2013大象（书摘）/Elephant/Elephant/Elephant/UMSocial_Sdk_3.3/frameworks/LaiWang",
					"/Users/mazhao/Dropbox/2013大象（书摘）/Elephant/Elephant/Elephant/UMSocial_Sdk_3.3/frameworks/Wechat",
					"/Users/mazhao/Dropbox/2013大象（书摘）/Elephant/Elephant/Elephant/UMSocial_Sdk_3.3",
				);
				OTHER_LDFLAGS = (
					"-ObjC",
					"-all_load",
				);
				PRODUCT_NAME = "$(TARGET_NAME)";
				WRAPPER_EXTENSION = app;
			};
			name = Release;
		};
		F711C08F184480F300D85598 /* Debug */ = {
			isa = XCBuildConfiguration;
			buildSettings = {
				ARCHS = "$(ARCHS_STANDARD_INCLUDING_64_BIT)";
				BUNDLE_LOADER = "$(BUILT_PRODUCTS_DIR)/Elephant.app/Elephant";
				FRAMEWORK_SEARCH_PATHS = (
					"$(SDKROOT)/Developer/Library/Frameworks",
					"$(inherited)",
					"$(DEVELOPER_FRAMEWORKS_DIR)",
				);
				GCC_PRECOMPILE_PREFIX_HEADER = YES;
				GCC_PREFIX_HEADER = "Elephant/Elephant-Prefix.pch";
				GCC_PREPROCESSOR_DEFINITIONS = (
					"DEBUG=1",
					"$(inherited)",
				);
				INFOPLIST_FILE = "ElephantTests/ElephantTests-Info.plist";
				PRODUCT_NAME = "$(TARGET_NAME)";
				TEST_HOST = "$(BUNDLE_LOADER)";
				WRAPPER_EXTENSION = xctest;
			};
			name = Debug;
		};
		F711C090184480F300D85598 /* Release */ = {
			isa = XCBuildConfiguration;
			buildSettings = {
				ARCHS = "$(ARCHS_STANDARD_INCLUDING_64_BIT)";
				BUNDLE_LOADER = "$(BUILT_PRODUCTS_DIR)/Elephant.app/Elephant";
				FRAMEWORK_SEARCH_PATHS = (
					"$(SDKROOT)/Developer/Library/Frameworks",
					"$(inherited)",
					"$(DEVELOPER_FRAMEWORKS_DIR)",
				);
				GCC_PRECOMPILE_PREFIX_HEADER = YES;
				GCC_PREFIX_HEADER = "Elephant/Elephant-Prefix.pch";
				INFOPLIST_FILE = "ElephantTests/ElephantTests-Info.plist";
				PRODUCT_NAME = "$(TARGET_NAME)";
				TEST_HOST = "$(BUNDLE_LOADER)";
				WRAPPER_EXTENSION = xctest;
			};
			name = Release;
		};
/* End XCBuildConfiguration section */

/* Begin XCConfigurationList section */
		F711C051184480F300D85598 /* Build configuration list for PBXProject "Elephant" */ = {
			isa = XCConfigurationList;
			buildConfigurations = (
				F711C089184480F300D85598 /* Debug */,
				F711C08A184480F300D85598 /* Release */,
			);
			defaultConfigurationIsVisible = 0;
			defaultConfigurationName = Release;
		};
		F711C08B184480F300D85598 /* Build configuration list for PBXNativeTarget "Elephant" */ = {
			isa = XCConfigurationList;
			buildConfigurations = (
				F711C08C184480F300D85598 /* Debug */,
				F711C08D184480F300D85598 /* Release */,
			);
			defaultConfigurationIsVisible = 0;
			defaultConfigurationName = Release;
		};
		F711C08E184480F300D85598 /* Build configuration list for PBXNativeTarget "ElephantTests" */ = {
			isa = XCConfigurationList;
			buildConfigurations = (
				F711C08F184480F300D85598 /* Debug */,
				F711C090184480F300D85598 /* Release */,
			);
			defaultConfigurationIsVisible = 0;
			defaultConfigurationName = Release;
		};
/* End XCConfigurationList section */

/* Begin XCVersionGroup section */
		F7E5B183184C2F35009E3C2F /* MZBookModel.xcdatamodeld */ = {
			isa = XCVersionGroup;
			children = (
				F7F60017186202E500551DB7 /* MZBookModel_1_0_0.xcdatamodel */,
				F7E5B184184C2F35009E3C2F /* MZBookModel.xcdatamodel */,
			);
			currentVersion = F7F60017186202E500551DB7 /* MZBookModel_1_0_0.xcdatamodel */;
			path = MZBookModel.xcdatamodeld;
			sourceTree = "<group>";
			versionGroupType = wrapper.xcdatamodel;
		};
/* End XCVersionGroup section */
	};
	rootObject = F711C04E184480F300D85598 /* Project object */;
}
